// !$*UTF8*$!
{
	archiveVersion = 1;
	classes = {
	};
	objectVersion = 50;
	objects = {

/* Begin PBXBuildFile section */
		550F1D5B25093911009AF467 /* MockDecoder.swift in Sources */ = {isa = PBXBuildFile; fileRef = 550F1D5A25093911009AF467 /* MockDecoder.swift */; };
		550F1D5D25093C0C009AF467 /* MockNetworkOperation.swift in Sources */ = {isa = PBXBuildFile; fileRef = 550F1D5C25093C0C009AF467 /* MockNetworkOperation.swift */; };
		550F1D6325094691009AF467 /* Encoding.swift in Sources */ = {isa = PBXBuildFile; fileRef = 550F1D6225094691009AF467 /* Encoding.swift */; };
		550F1D65250946CF009AF467 /* IssuanceResponseEncoder.swift in Sources */ = {isa = PBXBuildFile; fileRef = 550F1D64250946CF009AF467 /* IssuanceResponseEncoder.swift */; };
		550F1D67250952BD009AF467 /* MockObject.swift in Sources */ = {isa = PBXBuildFile; fileRef = 550F1D66250952BD009AF467 /* MockObject.swift */; };
		550F1D712509749D009AF467 /* IssuanceServiceResponseDecoderTests.swift in Sources */ = {isa = PBXBuildFile; fileRef = 550F1D702509749D009AF467 /* IssuanceServiceResponseDecoderTests.swift */; };
		550F1D8E250AD81B009AF467 /* TestData.swift in Sources */ = {isa = PBXBuildFile; fileRef = 550F1D8D250AD81B009AF467 /* TestData.swift */; };
		550F1D94250AEDBE009AF467 /* ContractDecoderTests.swift in Sources */ = {isa = PBXBuildFile; fileRef = 550F1D93250AEDBE009AF467 /* ContractDecoderTests.swift */; };
		550F1D9D250AFDF1009AF467 /* IssuanceResponseEncoderTests.swift in Sources */ = {isa = PBXBuildFile; fileRef = 550F1D9C250AFDF1009AF467 /* IssuanceResponseEncoderTests.swift */; };
		550F1DEC250D668D009AF467 /* PostNetworkOperation.swift in Sources */ = {isa = PBXBuildFile; fileRef = 550F1DEB250D668D009AF467 /* PostNetworkOperation.swift */; };
		5518CC6C2526472000C7A21B /* PresentationResponseEncoder.swift in Sources */ = {isa = PBXBuildFile; fileRef = 5518CC6B2526472000C7A21B /* PresentationResponseEncoder.swift */; };
		5518CC6E2526479900C7A21B /* PostPresentationResponseOperation.swift in Sources */ = {isa = PBXBuildFile; fileRef = 5518CC6D2526479900C7A21B /* PostPresentationResponseOperation.swift */; };
		5518CC702526483C00C7A21B /* PresentationServiceResponseDecoder.swift in Sources */ = {isa = PBXBuildFile; fileRef = 5518CC6F2526483C00C7A21B /* PresentationServiceResponseDecoder.swift */; };
		551F30452527DDBA0081D5E7 /* FetchPresentationRequestOperationTests.swift in Sources */ = {isa = PBXBuildFile; fileRef = 551F30442527DDBA0081D5E7 /* FetchPresentationRequestOperationTests.swift */; };
		551F30472527DE540081D5E7 /* PostPresentationResponseOperationTests.swift in Sources */ = {isa = PBXBuildFile; fileRef = 551F30462527DE540081D5E7 /* PostPresentationResponseOperationTests.swift */; };
		551F30492527E0200081D5E7 /* PresentationServiceResponseDecoderTests.swift in Sources */ = {isa = PBXBuildFile; fileRef = 551F30482527E0200081D5E7 /* PresentationServiceResponseDecoderTests.swift */; };
		551F304B2527E0F30081D5E7 /* PresentationRequestDecoderTests.swift in Sources */ = {isa = PBXBuildFile; fileRef = 551F304A2527E0F30081D5E7 /* PresentationRequestDecoderTests.swift */; };
		5531D3A4255DB8E70002CC0E /* PostExchangeRequestOperationTests.swift in Sources */ = {isa = PBXBuildFile; fileRef = 5531D3A3255DB8E70002CC0E /* PostExchangeRequestOperationTests.swift */; };
		5531D3A6255DCEBE0002CC0E /* ExchangeRequestEncoderTests.swift in Sources */ = {isa = PBXBuildFile; fileRef = 5531D3A5255DCEBE0002CC0E /* ExchangeRequestEncoderTests.swift */; };
		5566046B27BC346200C11BBF /* FetchWellKnownConfigDocumentOperationTests.swift in Sources */ = {isa = PBXBuildFile; fileRef = 5566046A27BC346200C11BBF /* FetchWellKnownConfigDocumentOperationTests.swift */; };
		5573FE5425B2090E00282BC7 /* FetchDIDDocumentOperation.swift in Sources */ = {isa = PBXBuildFile; fileRef = 5573FE5325B2090D00282BC7 /* FetchDIDDocumentOperation.swift */; };
		5573FE5A25B20A0C00282BC7 /* DIDDocumentDecoder.swift in Sources */ = {isa = PBXBuildFile; fileRef = 5573FE5925B20A0C00282BC7 /* DIDDocumentDecoder.swift */; };
		5573FEC225B8C3C900282BC7 /* DIDDocumentDecoderTests.swift in Sources */ = {isa = PBXBuildFile; fileRef = 5573FEC125B8C3C900282BC7 /* DIDDocumentDecoderTests.swift */; };
		5573FEC825B8CAF300282BC7 /* FetchDIDDocumentOperationTests.swift in Sources */ = {isa = PBXBuildFile; fileRef = 5573FEC725B8CAF300282BC7 /* FetchDIDDocumentOperationTests.swift */; };
		55793BD1255C5796007F7599 /* PostExchangeRequestOperation.swift in Sources */ = {isa = PBXBuildFile; fileRef = 55793BD0255C5796007F7599 /* PostExchangeRequestOperation.swift */; };
		55793BD3255C582D007F7599 /* ExchangeRequestEncoder.swift in Sources */ = {isa = PBXBuildFile; fileRef = 55793BD2255C582D007F7599 /* ExchangeRequestEncoder.swift */; };
		5584E4A42526234C00A9DE58 /* FetchPresentationRequestOperation.swift in Sources */ = {isa = PBXBuildFile; fileRef = 5584E4A32526234C00A9DE58 /* FetchPresentationRequestOperation.swift */; };
		5584E4A6252623EA00A9DE58 /* PresentationRequestDecoder.swift in Sources */ = {isa = PBXBuildFile; fileRef = 5584E4A5252623EA00A9DE58 /* PresentationRequestDecoder.swift */; };
		559FC95B25C8932B00737F14 /* FetchWellKnownConfigDocumentOperation.swift in Sources */ = {isa = PBXBuildFile; fileRef = 559FC95A25C8932B00737F14 /* FetchWellKnownConfigDocumentOperation.swift */; };
		559FC97A25C8A65300737F14 /* WellKnownConfigDocumentDecoder.swift in Sources */ = {isa = PBXBuildFile; fileRef = 559FC97925C8A65300737F14 /* WellKnownConfigDocumentDecoder.swift */; };
		559FC9DA25C9E16000737F14 /* WellKnownConfigDocumentNetworkCalls.swift in Sources */ = {isa = PBXBuildFile; fileRef = 559FC9D925C9E15F00737F14 /* WellKnownConfigDocumentNetworkCalls.swift */; };
		55B6EF5126F137A10075918F /* String+PercentEncoding.swift in Sources */ = {isa = PBXBuildFile; fileRef = 55B6EF5026F137A10075918F /* String+PercentEncoding.swift */; };
		55B6EF5726F137DB0075918F /* URL+PercentEncodedString.swift in Sources */ = {isa = PBXBuildFile; fileRef = 55B6EF5626F137DB0075918F /* URL+PercentEncodedString.swift */; };
		55B6EF5C26F145320075918F /* String+PercentEncodingTests.swift in Sources */ = {isa = PBXBuildFile; fileRef = 55B6EF5B26F145320075918F /* String+PercentEncodingTests.swift */; };
		55C6C4A925083D370082BE73 /* Decoding.swift in Sources */ = {isa = PBXBuildFile; fileRef = 55C6C4A825083D370082BE73 /* Decoding.swift */; };
		55C6C4AB250841000082BE73 /* IssuanceServiceResponseDecoder.swift in Sources */ = {isa = PBXBuildFile; fileRef = 55C6C4AA250841000082BE73 /* IssuanceServiceResponseDecoder.swift */; };
		55C6C4AD250843920082BE73 /* ContractDecoder.swift in Sources */ = {isa = PBXBuildFile; fileRef = 55C6C4AC250843920082BE73 /* ContractDecoder.swift */; };
		55D1681824EB0E1D00AD2F98 /* NetworkingError.swift in Sources */ = {isa = PBXBuildFile; fileRef = 55D1680224EB0E1C00AD2F98 /* NetworkingError.swift */; };
		55D1681924EB0E1D00AD2F98 /* HelperNetworkFunctions.swift in Sources */ = {isa = PBXBuildFile; fileRef = 55D1680424EB0E1C00AD2F98 /* HelperNetworkFunctions.swift */; };
		55D1681A24EB0E1D00AD2F98 /* SimpleSuccessHandler.swift in Sources */ = {isa = PBXBuildFile; fileRef = 55D1680624EB0E1C00AD2F98 /* SimpleSuccessHandler.swift */; };
		55D1681B24EB0E1D00AD2F98 /* SuccessHandler.swift in Sources */ = {isa = PBXBuildFile; fileRef = 55D1680724EB0E1C00AD2F98 /* SuccessHandler.swift */; };
		55D1681C24EB0E1D00AD2F98 /* NoRetry.swift in Sources */ = {isa = PBXBuildFile; fileRef = 55D1680924EB0E1C00AD2F98 /* NoRetry.swift */; };
		55D1681D24EB0E1D00AD2F98 /* RetryHandler.swift in Sources */ = {isa = PBXBuildFile; fileRef = 55D1680A24EB0E1C00AD2F98 /* RetryHandler.swift */; };
		55D1681E24EB0E1D00AD2F98 /* NetworkOperation.swift in Sources */ = {isa = PBXBuildFile; fileRef = 55D1680C24EB0E1C00AD2F98 /* NetworkOperation.swift */; };
		55D1681F24EB0E1D00AD2F98 /* PostIssuanceResponseOperation.swift in Sources */ = {isa = PBXBuildFile; fileRef = 55D1680E24EB0E1C00AD2F98 /* PostIssuanceResponseOperation.swift */; };
		55D1682024EB0E1D00AD2F98 /* FetchContractOperation.swift in Sources */ = {isa = PBXBuildFile; fileRef = 55D1681024EB0E1C00AD2F98 /* FetchContractOperation.swift */; };
		55D1682124EB0E1D00AD2F98 /* FailureHandler.swift in Sources */ = {isa = PBXBuildFile; fileRef = 55D1681224EB0E1C00AD2F98 /* FailureHandler.swift */; };
		55D1682224EB0E1D00AD2F98 /* SimpleFailureHandler.swift in Sources */ = {isa = PBXBuildFile; fileRef = 55D1681324EB0E1C00AD2F98 /* SimpleFailureHandler.swift */; };
		55D1682324EB0E1D00AD2F98 /* NetworkingConstants.swift in Sources */ = {isa = PBXBuildFile; fileRef = 55D1681424EB0E1C00AD2F98 /* NetworkingConstants.swift */; };
		55D1682424EB0E1D00AD2F98 /* networking.h in Headers */ = {isa = PBXBuildFile; fileRef = 55D1681524EB0E1D00AD2F98 /* networking.h */; };
		55D1683B24EB0E3600AD2F98 /* UrlProtocolMock.swift in Sources */ = {isa = PBXBuildFile; fileRef = 55D1682A24EB0E3600AD2F98 /* UrlProtocolMock.swift */; };
		55D1683C24EB0E3600AD2F98 /* HelperNetworkFunctionsTests.swift in Sources */ = {isa = PBXBuildFile; fileRef = 55D1682C24EB0E3600AD2F98 /* HelperNetworkFunctionsTests.swift */; };
		55D1683D24EB0E3600AD2F98 /* SimpleSuccessHandlerTests.swift in Sources */ = {isa = PBXBuildFile; fileRef = 55D1682E24EB0E3600AD2F98 /* SimpleSuccessHandlerTests.swift */; };
		55D1683E24EB0E3600AD2F98 /* NoRetryTests.swift in Sources */ = {isa = PBXBuildFile; fileRef = 55D1683024EB0E3600AD2F98 /* NoRetryTests.swift */; };
		55D1683F24EB0E3600AD2F98 /* PostIssuanceResponseOperationTests.swift in Sources */ = {isa = PBXBuildFile; fileRef = 55D1683324EB0E3600AD2F98 /* PostIssuanceResponseOperationTests.swift */; };
		55D1684024EB0E3600AD2F98 /* FetchContractOperationTests.swift in Sources */ = {isa = PBXBuildFile; fileRef = 55D1683524EB0E3600AD2F98 /* FetchContractOperationTests.swift */; };
		55D1684124EB0E3600AD2F98 /* NetworkOperationTests.swift in Sources */ = {isa = PBXBuildFile; fileRef = 55D1683624EB0E3600AD2F98 /* NetworkOperationTests.swift */; };
		55D1684224EB0E3600AD2F98 /* SimpleFailureHandlerTests.swift in Sources */ = {isa = PBXBuildFile; fileRef = 55D1683824EB0E3600AD2F98 /* SimpleFailureHandlerTests.swift */; };
		55D7BFF424C4CBBD0090F495 /* VCNetworking.framework in Frameworks */ = {isa = PBXBuildFile; fileRef = 55D7BFEA24C4CBBD0090F495 /* VCNetworking.framework */; };
		55DA76C325BE1D28009C32E0 /* IssuanceNetworkCalls.swift in Sources */ = {isa = PBXBuildFile; fileRef = 55DA76C225BE1D28009C32E0 /* IssuanceNetworkCalls.swift */; };
		55DA76DD25BE1ECF009C32E0 /* PresentationNetworkCalls.swift in Sources */ = {isa = PBXBuildFile; fileRef = 55DA76DC25BE1ECF009C32E0 /* PresentationNetworkCalls.swift */; };
		55DA76E325BE1FBD009C32E0 /* ExchangeNetworkCalls.swift in Sources */ = {isa = PBXBuildFile; fileRef = 55DA76E225BE1FBD009C32E0 /* ExchangeNetworkCalls.swift */; };
		55DA76E725BE203F009C32E0 /* DIDDocumentNetworkCalls.swift in Sources */ = {isa = PBXBuildFile; fileRef = 55DA76E625BE203F009C32E0 /* DIDDocumentNetworkCalls.swift */; };
		55FE6EDC2697A4A200201EDC /* PostIssuanceCompletionResponse.swift in Sources */ = {isa = PBXBuildFile; fileRef = 55FE6EDB2697A4A200201EDC /* PostIssuanceCompletionResponse.swift */; };
		55FE6EE02697AB6400201EDC /* BasicServiceResponseDecoder.swift in Sources */ = {isa = PBXBuildFile; fileRef = 55FE6EDF2697AB6400201EDC /* BasicServiceResponseDecoder.swift */; };
		55FE6EE42697AB9500201EDC /* IssuanceCompletionResponseEncoder.swift in Sources */ = {isa = PBXBuildFile; fileRef = 55FE6EE32697AB9500201EDC /* IssuanceCompletionResponseEncoder.swift */; };
		922D7E67252523FD00E4C8B5 /* NSURLSession+AnyPromise.h in Headers */ = {isa = PBXBuildFile; fileRef = 922D7E42252523FD00E4C8B5 /* NSURLSession+AnyPromise.h */; };
		922D7E68252523FD00E4C8B5 /* NSNotificationCenter+Promise.swift in Sources */ = {isa = PBXBuildFile; fileRef = 922D7E43252523FD00E4C8B5 /* NSNotificationCenter+Promise.swift */; };
		922D7E69252523FD00E4C8B5 /* NSNotificationCenter+AnyPromise.m in Sources */ = {isa = PBXBuildFile; fileRef = 922D7E44252523FD00E4C8B5 /* NSNotificationCenter+AnyPromise.m */; };
		922D7E6A252523FD00E4C8B5 /* afterlife.swift in Sources */ = {isa = PBXBuildFile; fileRef = 922D7E45252523FD00E4C8B5 /* afterlife.swift */; };
		922D7E6B252523FD00E4C8B5 /* NSTask+AnyPromise.h in Headers */ = {isa = PBXBuildFile; fileRef = 922D7E46252523FD00E4C8B5 /* NSTask+AnyPromise.h */; };
		922D7E6C252523FD00E4C8B5 /* NSURLSession+Promise.swift in Sources */ = {isa = PBXBuildFile; fileRef = 922D7E47252523FD00E4C8B5 /* NSURLSession+Promise.swift */; };
		922D7E6D252523FD00E4C8B5 /* NSURLSession+AnyPromise.m in Sources */ = {isa = PBXBuildFile; fileRef = 922D7E48252523FD00E4C8B5 /* NSURLSession+AnyPromise.m */; };
		922D7E6E252523FD00E4C8B5 /* NSObject+Promise.swift in Sources */ = {isa = PBXBuildFile; fileRef = 922D7E49252523FD00E4C8B5 /* NSObject+Promise.swift */; };
		922D7E6F252523FD00E4C8B5 /* NSNotificationCenter+AnyPromise.h in Headers */ = {isa = PBXBuildFile; fileRef = 922D7E4A252523FD00E4C8B5 /* NSNotificationCenter+AnyPromise.h */; };
		922D7E70252523FD00E4C8B5 /* PMKFoundation.h in Headers */ = {isa = PBXBuildFile; fileRef = 922D7E4B252523FD00E4C8B5 /* PMKFoundation.h */; };
		922D7E71252523FD00E4C8B5 /* Process+Promise.swift in Sources */ = {isa = PBXBuildFile; fileRef = 922D7E4C252523FD00E4C8B5 /* Process+Promise.swift */; };
		922D7E72252523FD00E4C8B5 /* NSTask+AnyPromise.m in Sources */ = {isa = PBXBuildFile; fileRef = 922D7E4D252523FD00E4C8B5 /* NSTask+AnyPromise.m */; };
		92E29993252522ED00B25BB6 /* VCEntities.framework in Frameworks */ = {isa = PBXBuildFile; fileRef = 92E29992252522ED00B25BB6 /* VCEntities.framework */; };
		92F2ECB925B9159600A6911C /* PromiseKit.framework in Frameworks */ = {isa = PBXBuildFile; fileRef = 92F2ECB825B9159600A6911C /* PromiseKit.framework */; };
/* End PBXBuildFile section */

/* Begin PBXContainerItemProxy section */
		55D7BFF524C4CBBD0090F495 /* PBXContainerItemProxy */ = {
			isa = PBXContainerItemProxy;
			containerPortal = 55D7BFE124C4CBBD0090F495 /* Project object */;
			proxyType = 1;
			remoteGlobalIDString = 55D7BFE924C4CBBD0090F495;
			remoteInfo = networking;
		};
/* End PBXContainerItemProxy section */

/* Begin PBXFileReference section */
		550F1D5A25093911009AF467 /* MockDecoder.swift */ = {isa = PBXFileReference; lastKnownFileType = sourcecode.swift; path = MockDecoder.swift; sourceTree = "<group>"; };
		550F1D5C25093C0C009AF467 /* MockNetworkOperation.swift */ = {isa = PBXFileReference; lastKnownFileType = sourcecode.swift; path = MockNetworkOperation.swift; sourceTree = "<group>"; };
		550F1D6225094691009AF467 /* Encoding.swift */ = {isa = PBXFileReference; lastKnownFileType = sourcecode.swift; path = Encoding.swift; sourceTree = "<group>"; };
		550F1D64250946CF009AF467 /* IssuanceResponseEncoder.swift */ = {isa = PBXFileReference; lastKnownFileType = sourcecode.swift; path = IssuanceResponseEncoder.swift; sourceTree = "<group>"; };
		550F1D66250952BD009AF467 /* MockObject.swift */ = {isa = PBXFileReference; lastKnownFileType = sourcecode.swift; path = MockObject.swift; sourceTree = "<group>"; };
		550F1D702509749D009AF467 /* IssuanceServiceResponseDecoderTests.swift */ = {isa = PBXFileReference; lastKnownFileType = sourcecode.swift; path = IssuanceServiceResponseDecoderTests.swift; sourceTree = "<group>"; };
		550F1D8D250AD81B009AF467 /* TestData.swift */ = {isa = PBXFileReference; lastKnownFileType = sourcecode.swift; path = TestData.swift; sourceTree = "<group>"; };
		550F1D93250AEDBE009AF467 /* ContractDecoderTests.swift */ = {isa = PBXFileReference; lastKnownFileType = sourcecode.swift; path = ContractDecoderTests.swift; sourceTree = "<group>"; };
		550F1D9C250AFDF1009AF467 /* IssuanceResponseEncoderTests.swift */ = {isa = PBXFileReference; lastKnownFileType = sourcecode.swift; path = IssuanceResponseEncoderTests.swift; sourceTree = "<group>"; };
		550F1DEB250D668D009AF467 /* PostNetworkOperation.swift */ = {isa = PBXFileReference; lastKnownFileType = sourcecode.swift; path = PostNetworkOperation.swift; sourceTree = "<group>"; };
		5518CC6B2526472000C7A21B /* PresentationResponseEncoder.swift */ = {isa = PBXFileReference; lastKnownFileType = sourcecode.swift; path = PresentationResponseEncoder.swift; sourceTree = "<group>"; };
		5518CC6D2526479900C7A21B /* PostPresentationResponseOperation.swift */ = {isa = PBXFileReference; lastKnownFileType = sourcecode.swift; path = PostPresentationResponseOperation.swift; sourceTree = "<group>"; };
		5518CC6F2526483C00C7A21B /* PresentationServiceResponseDecoder.swift */ = {isa = PBXFileReference; lastKnownFileType = sourcecode.swift; path = PresentationServiceResponseDecoder.swift; sourceTree = "<group>"; };
		551F30442527DDBA0081D5E7 /* FetchPresentationRequestOperationTests.swift */ = {isa = PBXFileReference; lastKnownFileType = sourcecode.swift; path = FetchPresentationRequestOperationTests.swift; sourceTree = "<group>"; };
		551F30462527DE540081D5E7 /* PostPresentationResponseOperationTests.swift */ = {isa = PBXFileReference; lastKnownFileType = sourcecode.swift; path = PostPresentationResponseOperationTests.swift; sourceTree = "<group>"; };
		551F30482527E0200081D5E7 /* PresentationServiceResponseDecoderTests.swift */ = {isa = PBXFileReference; lastKnownFileType = sourcecode.swift; path = PresentationServiceResponseDecoderTests.swift; sourceTree = "<group>"; };
		551F304A2527E0F30081D5E7 /* PresentationRequestDecoderTests.swift */ = {isa = PBXFileReference; lastKnownFileType = sourcecode.swift; path = PresentationRequestDecoderTests.swift; sourceTree = "<group>"; };
		5531D3A3255DB8E70002CC0E /* PostExchangeRequestOperationTests.swift */ = {isa = PBXFileReference; lastKnownFileType = sourcecode.swift; path = PostExchangeRequestOperationTests.swift; sourceTree = "<group>"; };
		5531D3A5255DCEBE0002CC0E /* ExchangeRequestEncoderTests.swift */ = {isa = PBXFileReference; lastKnownFileType = sourcecode.swift; path = ExchangeRequestEncoderTests.swift; sourceTree = "<group>"; };
		5566046A27BC346200C11BBF /* FetchWellKnownConfigDocumentOperationTests.swift */ = {isa = PBXFileReference; lastKnownFileType = sourcecode.swift; path = FetchWellKnownConfigDocumentOperationTests.swift; sourceTree = "<group>"; };
		5573FE5325B2090D00282BC7 /* FetchDIDDocumentOperation.swift */ = {isa = PBXFileReference; lastKnownFileType = sourcecode.swift; path = FetchDIDDocumentOperation.swift; sourceTree = "<group>"; };
		5573FE5925B20A0C00282BC7 /* DIDDocumentDecoder.swift */ = {isa = PBXFileReference; lastKnownFileType = sourcecode.swift; path = DIDDocumentDecoder.swift; sourceTree = "<group>"; };
		5573FEC125B8C3C900282BC7 /* DIDDocumentDecoderTests.swift */ = {isa = PBXFileReference; lastKnownFileType = sourcecode.swift; path = DIDDocumentDecoderTests.swift; sourceTree = "<group>"; };
		5573FEC725B8CAF300282BC7 /* FetchDIDDocumentOperationTests.swift */ = {isa = PBXFileReference; lastKnownFileType = sourcecode.swift; path = FetchDIDDocumentOperationTests.swift; sourceTree = "<group>"; };
		55793BD0255C5796007F7599 /* PostExchangeRequestOperation.swift */ = {isa = PBXFileReference; lastKnownFileType = sourcecode.swift; path = PostExchangeRequestOperation.swift; sourceTree = "<group>"; };
		55793BD2255C582D007F7599 /* ExchangeRequestEncoder.swift */ = {isa = PBXFileReference; lastKnownFileType = sourcecode.swift; path = ExchangeRequestEncoder.swift; sourceTree = "<group>"; };
		5584E4A32526234C00A9DE58 /* FetchPresentationRequestOperation.swift */ = {isa = PBXFileReference; lastKnownFileType = sourcecode.swift; path = FetchPresentationRequestOperation.swift; sourceTree = "<group>"; };
		5584E4A5252623EA00A9DE58 /* PresentationRequestDecoder.swift */ = {isa = PBXFileReference; lastKnownFileType = sourcecode.swift; path = PresentationRequestDecoder.swift; sourceTree = "<group>"; };
		559FC95A25C8932B00737F14 /* FetchWellKnownConfigDocumentOperation.swift */ = {isa = PBXFileReference; lastKnownFileType = sourcecode.swift; path = FetchWellKnownConfigDocumentOperation.swift; sourceTree = "<group>"; };
		559FC97925C8A65300737F14 /* WellKnownConfigDocumentDecoder.swift */ = {isa = PBXFileReference; lastKnownFileType = sourcecode.swift; path = WellKnownConfigDocumentDecoder.swift; sourceTree = "<group>"; };
		559FC9D925C9E15F00737F14 /* WellKnownConfigDocumentNetworkCalls.swift */ = {isa = PBXFileReference; lastKnownFileType = sourcecode.swift; name = WellKnownConfigDocumentNetworkCalls.swift; path = VcNetworking/WellKnownConfigDocumentNetworkCalls.swift; sourceTree = SOURCE_ROOT; };
		55B6EF5026F137A10075918F /* String+PercentEncoding.swift */ = {isa = PBXFileReference; lastKnownFileType = sourcecode.swift; path = "String+PercentEncoding.swift"; sourceTree = "<group>"; };
		55B6EF5626F137DB0075918F /* URL+PercentEncodedString.swift */ = {isa = PBXFileReference; lastKnownFileType = sourcecode.swift; path = "URL+PercentEncodedString.swift"; sourceTree = "<group>"; };
		55B6EF5B26F145320075918F /* String+PercentEncodingTests.swift */ = {isa = PBXFileReference; lastKnownFileType = sourcecode.swift; path = "String+PercentEncodingTests.swift"; sourceTree = "<group>"; };
		55C6C4A825083D370082BE73 /* Decoding.swift */ = {isa = PBXFileReference; lastKnownFileType = sourcecode.swift; path = Decoding.swift; sourceTree = "<group>"; };
		55C6C4AA250841000082BE73 /* IssuanceServiceResponseDecoder.swift */ = {isa = PBXFileReference; lastKnownFileType = sourcecode.swift; path = IssuanceServiceResponseDecoder.swift; sourceTree = "<group>"; };
		55C6C4AC250843920082BE73 /* ContractDecoder.swift */ = {isa = PBXFileReference; lastKnownFileType = sourcecode.swift; path = ContractDecoder.swift; sourceTree = "<group>"; };
		55D1680224EB0E1C00AD2F98 /* NetworkingError.swift */ = {isa = PBXFileReference; fileEncoding = 4; lastKnownFileType = sourcecode.swift; path = NetworkingError.swift; sourceTree = "<group>"; };
		55D1680424EB0E1C00AD2F98 /* HelperNetworkFunctions.swift */ = {isa = PBXFileReference; fileEncoding = 4; lastKnownFileType = sourcecode.swift; path = HelperNetworkFunctions.swift; sourceTree = "<group>"; };
		55D1680624EB0E1C00AD2F98 /* SimpleSuccessHandler.swift */ = {isa = PBXFileReference; fileEncoding = 4; lastKnownFileType = sourcecode.swift; path = SimpleSuccessHandler.swift; sourceTree = "<group>"; };
		55D1680724EB0E1C00AD2F98 /* SuccessHandler.swift */ = {isa = PBXFileReference; fileEncoding = 4; lastKnownFileType = sourcecode.swift; path = SuccessHandler.swift; sourceTree = "<group>"; };
		55D1680924EB0E1C00AD2F98 /* NoRetry.swift */ = {isa = PBXFileReference; fileEncoding = 4; lastKnownFileType = sourcecode.swift; path = NoRetry.swift; sourceTree = "<group>"; };
		55D1680A24EB0E1C00AD2F98 /* RetryHandler.swift */ = {isa = PBXFileReference; fileEncoding = 4; lastKnownFileType = sourcecode.swift; path = RetryHandler.swift; sourceTree = "<group>"; };
		55D1680C24EB0E1C00AD2F98 /* NetworkOperation.swift */ = {isa = PBXFileReference; fileEncoding = 4; lastKnownFileType = sourcecode.swift; path = NetworkOperation.swift; sourceTree = "<group>"; };
		55D1680E24EB0E1C00AD2F98 /* PostIssuanceResponseOperation.swift */ = {isa = PBXFileReference; fileEncoding = 4; lastKnownFileType = sourcecode.swift; path = PostIssuanceResponseOperation.swift; sourceTree = "<group>"; };
		55D1681024EB0E1C00AD2F98 /* FetchContractOperation.swift */ = {isa = PBXFileReference; fileEncoding = 4; lastKnownFileType = sourcecode.swift; path = FetchContractOperation.swift; sourceTree = "<group>"; };
		55D1681224EB0E1C00AD2F98 /* FailureHandler.swift */ = {isa = PBXFileReference; fileEncoding = 4; lastKnownFileType = sourcecode.swift; path = FailureHandler.swift; sourceTree = "<group>"; };
		55D1681324EB0E1C00AD2F98 /* SimpleFailureHandler.swift */ = {isa = PBXFileReference; fileEncoding = 4; lastKnownFileType = sourcecode.swift; path = SimpleFailureHandler.swift; sourceTree = "<group>"; };
		55D1681424EB0E1C00AD2F98 /* NetworkingConstants.swift */ = {isa = PBXFileReference; fileEncoding = 4; lastKnownFileType = sourcecode.swift; path = NetworkingConstants.swift; sourceTree = "<group>"; };
		55D1681524EB0E1D00AD2F98 /* networking.h */ = {isa = PBXFileReference; fileEncoding = 4; lastKnownFileType = sourcecode.c.h; path = networking.h; sourceTree = "<group>"; };
		55D1681724EB0E1D00AD2F98 /* Info.plist */ = {isa = PBXFileReference; fileEncoding = 4; lastKnownFileType = text.plist.xml; path = Info.plist; sourceTree = "<group>"; };
		55D1682A24EB0E3600AD2F98 /* UrlProtocolMock.swift */ = {isa = PBXFileReference; fileEncoding = 4; lastKnownFileType = sourcecode.swift; path = UrlProtocolMock.swift; sourceTree = "<group>"; };
		55D1682C24EB0E3600AD2F98 /* HelperNetworkFunctionsTests.swift */ = {isa = PBXFileReference; fileEncoding = 4; lastKnownFileType = sourcecode.swift; path = HelperNetworkFunctionsTests.swift; sourceTree = "<group>"; };
		55D1682E24EB0E3600AD2F98 /* SimpleSuccessHandlerTests.swift */ = {isa = PBXFileReference; fileEncoding = 4; lastKnownFileType = sourcecode.swift; path = SimpleSuccessHandlerTests.swift; sourceTree = "<group>"; };
		55D1683024EB0E3600AD2F98 /* NoRetryTests.swift */ = {isa = PBXFileReference; fileEncoding = 4; lastKnownFileType = sourcecode.swift; path = NoRetryTests.swift; sourceTree = "<group>"; };
		55D1683324EB0E3600AD2F98 /* PostIssuanceResponseOperationTests.swift */ = {isa = PBXFileReference; fileEncoding = 4; lastKnownFileType = sourcecode.swift; path = PostIssuanceResponseOperationTests.swift; sourceTree = "<group>"; };
		55D1683524EB0E3600AD2F98 /* FetchContractOperationTests.swift */ = {isa = PBXFileReference; fileEncoding = 4; lastKnownFileType = sourcecode.swift; path = FetchContractOperationTests.swift; sourceTree = "<group>"; };
		55D1683624EB0E3600AD2F98 /* NetworkOperationTests.swift */ = {isa = PBXFileReference; fileEncoding = 4; lastKnownFileType = sourcecode.swift; path = NetworkOperationTests.swift; sourceTree = "<group>"; };
		55D1683824EB0E3600AD2F98 /* SimpleFailureHandlerTests.swift */ = {isa = PBXFileReference; fileEncoding = 4; lastKnownFileType = sourcecode.swift; path = SimpleFailureHandlerTests.swift; sourceTree = "<group>"; };
		55D1683924EB0E3600AD2F98 /* Info.plist */ = {isa = PBXFileReference; fileEncoding = 4; lastKnownFileType = text.plist.xml; path = Info.plist; sourceTree = "<group>"; };
		55D7BFEA24C4CBBD0090F495 /* VCNetworking.framework */ = {isa = PBXFileReference; explicitFileType = wrapper.framework; includeInIndex = 0; path = VCNetworking.framework; sourceTree = BUILT_PRODUCTS_DIR; };
		55D7BFF324C4CBBD0090F495 /* VCNetworkingTests.xctest */ = {isa = PBXFileReference; explicitFileType = wrapper.cfbundle; includeInIndex = 0; path = VCNetworkingTests.xctest; sourceTree = BUILT_PRODUCTS_DIR; };
		55DA76C225BE1D28009C32E0 /* IssuanceNetworkCalls.swift */ = {isa = PBXFileReference; lastKnownFileType = sourcecode.swift; path = IssuanceNetworkCalls.swift; sourceTree = "<group>"; };
		55DA76DC25BE1ECF009C32E0 /* PresentationNetworkCalls.swift */ = {isa = PBXFileReference; lastKnownFileType = sourcecode.swift; path = PresentationNetworkCalls.swift; sourceTree = "<group>"; };
		55DA76E225BE1FBD009C32E0 /* ExchangeNetworkCalls.swift */ = {isa = PBXFileReference; lastKnownFileType = sourcecode.swift; path = ExchangeNetworkCalls.swift; sourceTree = "<group>"; };
		55DA76E625BE203F009C32E0 /* DIDDocumentNetworkCalls.swift */ = {isa = PBXFileReference; lastKnownFileType = sourcecode.swift; path = DIDDocumentNetworkCalls.swift; sourceTree = "<group>"; };
		55FE6EDB2697A4A200201EDC /* PostIssuanceCompletionResponse.swift */ = {isa = PBXFileReference; lastKnownFileType = sourcecode.swift; path = PostIssuanceCompletionResponse.swift; sourceTree = "<group>"; };
		55FE6EDF2697AB6400201EDC /* BasicServiceResponseDecoder.swift */ = {isa = PBXFileReference; lastKnownFileType = sourcecode.swift; path = BasicServiceResponseDecoder.swift; sourceTree = "<group>"; };
		55FE6EE32697AB9500201EDC /* IssuanceCompletionResponseEncoder.swift */ = {isa = PBXFileReference; lastKnownFileType = sourcecode.swift; path = IssuanceCompletionResponseEncoder.swift; sourceTree = "<group>"; };
		922D7E42252523FD00E4C8B5 /* NSURLSession+AnyPromise.h */ = {isa = PBXFileReference; fileEncoding = 4; lastKnownFileType = sourcecode.c.h; path = "NSURLSession+AnyPromise.h"; sourceTree = "<group>"; };
		922D7E43252523FD00E4C8B5 /* NSNotificationCenter+Promise.swift */ = {isa = PBXFileReference; fileEncoding = 4; lastKnownFileType = sourcecode.swift; path = "NSNotificationCenter+Promise.swift"; sourceTree = "<group>"; };
		922D7E44252523FD00E4C8B5 /* NSNotificationCenter+AnyPromise.m */ = {isa = PBXFileReference; fileEncoding = 4; lastKnownFileType = sourcecode.c.objc; path = "NSNotificationCenter+AnyPromise.m"; sourceTree = "<group>"; };
		922D7E45252523FD00E4C8B5 /* afterlife.swift */ = {isa = PBXFileReference; fileEncoding = 4; lastKnownFileType = sourcecode.swift; path = afterlife.swift; sourceTree = "<group>"; };
		922D7E46252523FD00E4C8B5 /* NSTask+AnyPromise.h */ = {isa = PBXFileReference; fileEncoding = 4; lastKnownFileType = sourcecode.c.h; path = "NSTask+AnyPromise.h"; sourceTree = "<group>"; };
		922D7E47252523FD00E4C8B5 /* NSURLSession+Promise.swift */ = {isa = PBXFileReference; fileEncoding = 4; lastKnownFileType = sourcecode.swift; path = "NSURLSession+Promise.swift"; sourceTree = "<group>"; };
		922D7E48252523FD00E4C8B5 /* NSURLSession+AnyPromise.m */ = {isa = PBXFileReference; fileEncoding = 4; lastKnownFileType = sourcecode.c.objc; path = "NSURLSession+AnyPromise.m"; sourceTree = "<group>"; };
		922D7E49252523FD00E4C8B5 /* NSObject+Promise.swift */ = {isa = PBXFileReference; fileEncoding = 4; lastKnownFileType = sourcecode.swift; path = "NSObject+Promise.swift"; sourceTree = "<group>"; };
		922D7E4A252523FD00E4C8B5 /* NSNotificationCenter+AnyPromise.h */ = {isa = PBXFileReference; fileEncoding = 4; lastKnownFileType = sourcecode.c.h; path = "NSNotificationCenter+AnyPromise.h"; sourceTree = "<group>"; };
		922D7E4B252523FD00E4C8B5 /* PMKFoundation.h */ = {isa = PBXFileReference; fileEncoding = 4; lastKnownFileType = sourcecode.c.h; path = PMKFoundation.h; sourceTree = "<group>"; };
		922D7E4C252523FD00E4C8B5 /* Process+Promise.swift */ = {isa = PBXFileReference; fileEncoding = 4; lastKnownFileType = sourcecode.swift; path = "Process+Promise.swift"; sourceTree = "<group>"; };
		922D7E4D252523FD00E4C8B5 /* NSTask+AnyPromise.m */ = {isa = PBXFileReference; fileEncoding = 4; lastKnownFileType = sourcecode.c.objc; path = "NSTask+AnyPromise.m"; sourceTree = "<group>"; };
		92B9682B25240B6B00F64AB0 /* PromiseKit.framework */ = {isa = PBXFileReference; explicitFileType = wrapper.framework; path = PromiseKit.framework; sourceTree = BUILT_PRODUCTS_DIR; };
		92E29992252522ED00B25BB6 /* VCEntities.framework */ = {isa = PBXFileReference; explicitFileType = wrapper.framework; path = VCEntities.framework; sourceTree = BUILT_PRODUCTS_DIR; };
		92E7AA3D25251B95000E8246 /* PMKFoundation.framework */ = {isa = PBXFileReference; explicitFileType = wrapper.framework; path = PMKFoundation.framework; sourceTree = BUILT_PRODUCTS_DIR; };
		92F2ECB825B9159600A6911C /* PromiseKit.framework */ = {isa = PBXFileReference; explicitFileType = wrapper.framework; path = PromiseKit.framework; sourceTree = BUILT_PRODUCTS_DIR; };
/* End PBXFileReference section */

/* Begin PBXFrameworksBuildPhase section */
		55D7BFE724C4CBBD0090F495 /* Frameworks */ = {
			isa = PBXFrameworksBuildPhase;
			buildActionMask = 2147483647;
			files = (
				92E29993252522ED00B25BB6 /* VCEntities.framework in Frameworks */,
				92F2ECB925B9159600A6911C /* PromiseKit.framework in Frameworks */,
			);
			runOnlyForDeploymentPostprocessing = 0;
		};
		55D7BFF024C4CBBD0090F495 /* Frameworks */ = {
			isa = PBXFrameworksBuildPhase;
			buildActionMask = 2147483647;
			files = (
				55D7BFF424C4CBBD0090F495 /* VCNetworking.framework in Frameworks */,
			);
			runOnlyForDeploymentPostprocessing = 0;
		};
/* End PBXFrameworksBuildPhase section */

/* Begin PBXGroup section */
		550F1D6125094679009AF467 /* encoders */ = {
			isa = PBXGroup;
			children = (
				550F1D6225094691009AF467 /* Encoding.swift */,
				55793BD2255C582D007F7599 /* ExchangeRequestEncoder.swift */,
				55FE6EE32697AB9500201EDC /* IssuanceCompletionResponseEncoder.swift */,
				550F1D64250946CF009AF467 /* IssuanceResponseEncoder.swift */,
				5518CC6B2526472000C7A21B /* PresentationResponseEncoder.swift */,
			);
			path = encoders;
			sourceTree = "<group>";
		};
		550F1D6F2509747D009AF467 /* decoders */ = {
			isa = PBXGroup;
			children = (
				550F1D702509749D009AF467 /* IssuanceServiceResponseDecoderTests.swift */,
				550F1D93250AEDBE009AF467 /* ContractDecoderTests.swift */,
				5573FEC125B8C3C900282BC7 /* DIDDocumentDecoderTests.swift */,
				551F30482527E0200081D5E7 /* PresentationServiceResponseDecoderTests.swift */,
				551F304A2527E0F30081D5E7 /* PresentationRequestDecoderTests.swift */,
			);
			path = decoders;
			sourceTree = "<group>";
		};
		550F1D97250AF109009AF467 /* encoders */ = {
			isa = PBXGroup;
			children = (
				550F1D9C250AFDF1009AF467 /* IssuanceResponseEncoderTests.swift */,
				5531D3A5255DCEBE0002CC0E /* ExchangeRequestEncoderTests.swift */,
			);
			path = encoders;
			sourceTree = "<group>";
		};
		55B6EF4F26F135AA0075918F /* extensions */ = {
			isa = PBXGroup;
			children = (
				55B6EF5026F137A10075918F /* String+PercentEncoding.swift */,
				55B6EF5626F137DB0075918F /* URL+PercentEncodedString.swift */,
			);
			path = extensions;
			sourceTree = "<group>";
		};
		55B6EF5A26F145130075918F /* extensions */ = {
			isa = PBXGroup;
			children = (
				55B6EF5B26F145320075918F /* String+PercentEncodingTests.swift */,
			);
			path = extensions;
			sourceTree = "<group>";
		};
		55C6C4A725083D220082BE73 /* decoders */ = {
			isa = PBXGroup;
			children = (
				55C6C4A825083D370082BE73 /* Decoding.swift */,
				55C6C4AC250843920082BE73 /* ContractDecoder.swift */,
				5573FE5925B20A0C00282BC7 /* DIDDocumentDecoder.swift */,
				55C6C4AA250841000082BE73 /* IssuanceServiceResponseDecoder.swift */,
				5584E4A5252623EA00A9DE58 /* PresentationRequestDecoder.swift */,
				5518CC6F2526483C00C7A21B /* PresentationServiceResponseDecoder.swift */,
				559FC97925C8A65300737F14 /* WellKnownConfigDocumentDecoder.swift */,
				55FE6EDF2697AB6400201EDC /* BasicServiceResponseDecoder.swift */,
			);
			path = decoders;
			sourceTree = "<group>";
		};
		55D1680124EB0E1C00AD2F98 /* VCNetworking */ = {
			isa = PBXGroup;
			children = (
				55B6EF4F26F135AA0075918F /* extensions */,
				55C6C4A725083D220082BE73 /* decoders */,
				550F1D6125094679009AF467 /* encoders */,
				55D1680B24EB0E1C00AD2F98 /* operations */,
				55D1680324EB0E1C00AD2F98 /* util */,
				55D1680524EB0E1C00AD2F98 /* successHandlers */,
				55D1680824EB0E1C00AD2F98 /* retryHandlers */,
				55D1681124EB0E1C00AD2F98 /* failureHandlers */,
				55DA76C225BE1D28009C32E0 /* IssuanceNetworkCalls.swift */,
				55DA76E225BE1FBD009C32E0 /* ExchangeNetworkCalls.swift */,
				55DA76E625BE203F009C32E0 /* DIDDocumentNetworkCalls.swift */,
				55DA76DC25BE1ECF009C32E0 /* PresentationNetworkCalls.swift */,
				559FC9D925C9E15F00737F14 /* WellKnownConfigDocumentNetworkCalls.swift */,
				55D1681424EB0E1C00AD2F98 /* NetworkingConstants.swift */,
				55D1680224EB0E1C00AD2F98 /* NetworkingError.swift */,
				55D1681524EB0E1D00AD2F98 /* networking.h */,
				55D1681724EB0E1D00AD2F98 /* Info.plist */,
			);
			path = VCNetworking;
			sourceTree = "<group>";
		};
		55D1680324EB0E1C00AD2F98 /* util */ = {
			isa = PBXGroup;
			children = (
				55D1680424EB0E1C00AD2F98 /* HelperNetworkFunctions.swift */,
			);
			path = util;
			sourceTree = "<group>";
		};
		55D1680524EB0E1C00AD2F98 /* successHandlers */ = {
			isa = PBXGroup;
			children = (
				55D1680624EB0E1C00AD2F98 /* SimpleSuccessHandler.swift */,
				55D1680724EB0E1C00AD2F98 /* SuccessHandler.swift */,
			);
			path = successHandlers;
			sourceTree = "<group>";
		};
		55D1680824EB0E1C00AD2F98 /* retryHandlers */ = {
			isa = PBXGroup;
			children = (
				55D1680924EB0E1C00AD2F98 /* NoRetry.swift */,
				55D1680A24EB0E1C00AD2F98 /* RetryHandler.swift */,
			);
			path = retryHandlers;
			sourceTree = "<group>";
		};
		55D1680B24EB0E1C00AD2F98 /* operations */ = {
			isa = PBXGroup;
			children = (
				55D1680C24EB0E1C00AD2F98 /* NetworkOperation.swift */,
				55D1680D24EB0E1C00AD2F98 /* post */,
				55D1680F24EB0E1C00AD2F98 /* fetch */,
			);
			path = operations;
			sourceTree = "<group>";
		};
		55D1680D24EB0E1C00AD2F98 /* post */ = {
			isa = PBXGroup;
			children = (
				55D1680E24EB0E1C00AD2F98 /* PostIssuanceResponseOperation.swift */,
				55793BD0255C5796007F7599 /* PostExchangeRequestOperation.swift */,
				550F1DEB250D668D009AF467 /* PostNetworkOperation.swift */,
				5518CC6D2526479900C7A21B /* PostPresentationResponseOperation.swift */,
				55FE6EDB2697A4A200201EDC /* PostIssuanceCompletionResponse.swift */,
			);
			path = post;
			sourceTree = "<group>";
		};
		55D1680F24EB0E1C00AD2F98 /* fetch */ = {
			isa = PBXGroup;
			children = (
				55D1681024EB0E1C00AD2F98 /* FetchContractOperation.swift */,
				5573FE5325B2090D00282BC7 /* FetchDIDDocumentOperation.swift */,
				5584E4A32526234C00A9DE58 /* FetchPresentationRequestOperation.swift */,
				559FC95A25C8932B00737F14 /* FetchWellKnownConfigDocumentOperation.swift */,
			);
			path = fetch;
			sourceTree = "<group>";
		};
		55D1681124EB0E1C00AD2F98 /* failureHandlers */ = {
			isa = PBXGroup;
			children = (
				55D1681224EB0E1C00AD2F98 /* FailureHandler.swift */,
				55D1681324EB0E1C00AD2F98 /* SimpleFailureHandler.swift */,
			);
			path = failureHandlers;
			sourceTree = "<group>";
		};
		55D1682724EB0E3600AD2F98 /* VCNetworkingTests */ = {
			isa = PBXGroup;
			children = (
				55B6EF5A26F145130075918F /* extensions */,
				550F1D6F2509747D009AF467 /* decoders */,
				550F1D97250AF109009AF467 /* encoders */,
				55D1682824EB0E3600AD2F98 /* mocks */,
				55D1682B24EB0E3600AD2F98 /* util */,
				55D1682D24EB0E3600AD2F98 /* successHandlers */,
				55D1682F24EB0E3600AD2F98 /* retryHandlers */,
				55D1683124EB0E3600AD2F98 /* operations */,
				55D1683724EB0E3600AD2F98 /* failureHandlers */,
				55D1683924EB0E3600AD2F98 /* Info.plist */,
			);
			path = VCNetworkingTests;
			sourceTree = "<group>";
		};
		55D1682824EB0E3600AD2F98 /* mocks */ = {
			isa = PBXGroup;
			children = (
				55D1682A24EB0E3600AD2F98 /* UrlProtocolMock.swift */,
				550F1D5A25093911009AF467 /* MockDecoder.swift */,
				550F1D5C25093C0C009AF467 /* MockNetworkOperation.swift */,
				550F1D66250952BD009AF467 /* MockObject.swift */,
				550F1D8D250AD81B009AF467 /* TestData.swift */,
			);
			path = mocks;
			sourceTree = "<group>";
		};
		55D1682B24EB0E3600AD2F98 /* util */ = {
			isa = PBXGroup;
			children = (
				55D1682C24EB0E3600AD2F98 /* HelperNetworkFunctionsTests.swift */,
			);
			path = util;
			sourceTree = "<group>";
		};
		55D1682D24EB0E3600AD2F98 /* successHandlers */ = {
			isa = PBXGroup;
			children = (
				55D1682E24EB0E3600AD2F98 /* SimpleSuccessHandlerTests.swift */,
			);
			path = successHandlers;
			sourceTree = "<group>";
		};
		55D1682F24EB0E3600AD2F98 /* retryHandlers */ = {
			isa = PBXGroup;
			children = (
				55D1683024EB0E3600AD2F98 /* NoRetryTests.swift */,
			);
			path = retryHandlers;
			sourceTree = "<group>";
		};
		55D1683124EB0E3600AD2F98 /* operations */ = {
			isa = PBXGroup;
			children = (
				55D1683224EB0E3600AD2F98 /* post */,
				55D1683424EB0E3600AD2F98 /* fetch */,
				55D1683624EB0E3600AD2F98 /* NetworkOperationTests.swift */,
			);
			path = operations;
			sourceTree = "<group>";
		};
		55D1683224EB0E3600AD2F98 /* post */ = {
			isa = PBXGroup;
			children = (
				55D1683324EB0E3600AD2F98 /* PostIssuanceResponseOperationTests.swift */,
				5531D3A3255DB8E70002CC0E /* PostExchangeRequestOperationTests.swift */,
				551F30462527DE540081D5E7 /* PostPresentationResponseOperationTests.swift */,
			);
			path = post;
			sourceTree = "<group>";
		};
		55D1683424EB0E3600AD2F98 /* fetch */ = {
			isa = PBXGroup;
			children = (
				55D1683524EB0E3600AD2F98 /* FetchContractOperationTests.swift */,
				5573FEC725B8CAF300282BC7 /* FetchDIDDocumentOperationTests.swift */,
				551F30442527DDBA0081D5E7 /* FetchPresentationRequestOperationTests.swift */,
				5566046A27BC346200C11BBF /* FetchWellKnownConfigDocumentOperationTests.swift */,
			);
			path = fetch;
			sourceTree = "<group>";
		};
		55D1683724EB0E3600AD2F98 /* failureHandlers */ = {
			isa = PBXGroup;
			children = (
				55D1683824EB0E3600AD2F98 /* SimpleFailureHandlerTests.swift */,
			);
			path = failureHandlers;
			sourceTree = "<group>";
		};
		55D7BFE024C4CBBD0090F495 = {
			isa = PBXGroup;
			children = (
				922D7E2B252523FD00E4C8B5 /* Foundation */,
				55D1680124EB0E1C00AD2F98 /* VCNetworking */,
				55D1682724EB0E3600AD2F98 /* VCNetworkingTests */,
				55D7BFEB24C4CBBD0090F495 /* Products */,
				F96820A943825B01B3485FDC /* Frameworks */,
			);
			sourceTree = "<group>";
		};
		55D7BFEB24C4CBBD0090F495 /* Products */ = {
			isa = PBXGroup;
			children = (
				55D7BFEA24C4CBBD0090F495 /* VCNetworking.framework */,
				55D7BFF324C4CBBD0090F495 /* VCNetworkingTests.xctest */,
			);
			name = Products;
			sourceTree = "<group>";
		};
		922D7E2B252523FD00E4C8B5 /* Foundation */ = {
			isa = PBXGroup;
			children = (
				922D7E41252523FD00E4C8B5 /* Sources */,
			);
			name = Foundation;
			path = ../Submodules/Foundation;
			sourceTree = "<group>";
		};
		922D7E41252523FD00E4C8B5 /* Sources */ = {
			isa = PBXGroup;
			children = (
				922D7E42252523FD00E4C8B5 /* NSURLSession+AnyPromise.h */,
				922D7E43252523FD00E4C8B5 /* NSNotificationCenter+Promise.swift */,
				922D7E44252523FD00E4C8B5 /* NSNotificationCenter+AnyPromise.m */,
				922D7E45252523FD00E4C8B5 /* afterlife.swift */,
				922D7E46252523FD00E4C8B5 /* NSTask+AnyPromise.h */,
				922D7E47252523FD00E4C8B5 /* NSURLSession+Promise.swift */,
				922D7E48252523FD00E4C8B5 /* NSURLSession+AnyPromise.m */,
				922D7E49252523FD00E4C8B5 /* NSObject+Promise.swift */,
				922D7E4A252523FD00E4C8B5 /* NSNotificationCenter+AnyPromise.h */,
				922D7E4B252523FD00E4C8B5 /* PMKFoundation.h */,
				922D7E4C252523FD00E4C8B5 /* Process+Promise.swift */,
				922D7E4D252523FD00E4C8B5 /* NSTask+AnyPromise.m */,
			);
			path = Sources;
			sourceTree = "<group>";
		};
		F96820A943825B01B3485FDC /* Frameworks */ = {
			isa = PBXGroup;
			children = (
				92F2ECB825B9159600A6911C /* PromiseKit.framework */,
				92E29992252522ED00B25BB6 /* VCEntities.framework */,
				92E7AA3D25251B95000E8246 /* PMKFoundation.framework */,
				92B9682B25240B6B00F64AB0 /* PromiseKit.framework */,
			);
			name = Frameworks;
			sourceTree = "<group>";
		};
/* End PBXGroup section */

/* Begin PBXHeadersBuildPhase section */
		55D7BFE524C4CBBD0090F495 /* Headers */ = {
			isa = PBXHeadersBuildPhase;
			buildActionMask = 2147483647;
			files = (
				55D1682424EB0E1D00AD2F98 /* networking.h in Headers */,
				922D7E67252523FD00E4C8B5 /* NSURLSession+AnyPromise.h in Headers */,
				922D7E6F252523FD00E4C8B5 /* NSNotificationCenter+AnyPromise.h in Headers */,
				922D7E70252523FD00E4C8B5 /* PMKFoundation.h in Headers */,
				922D7E6B252523FD00E4C8B5 /* NSTask+AnyPromise.h in Headers */,
			);
			runOnlyForDeploymentPostprocessing = 0;
		};
/* End PBXHeadersBuildPhase section */

/* Begin PBXNativeTarget section */
		55D7BFE924C4CBBD0090F495 /* VCNetworking */ = {
			isa = PBXNativeTarget;
			buildConfigurationList = 55D7BFFE24C4CBBE0090F495 /* Build configuration list for PBXNativeTarget "VCNetworking" */;
			buildPhases = (
				55D7BFE524C4CBBD0090F495 /* Headers */,
				55D7BFE624C4CBBD0090F495 /* Sources */,
				55D7BFE724C4CBBD0090F495 /* Frameworks */,
				55D7BFE824C4CBBD0090F495 /* Resources */,
			);
			buildRules = (
			);
			dependencies = (
			);
			name = VCNetworking;
			productName = networking;
			productReference = 55D7BFEA24C4CBBD0090F495 /* VCNetworking.framework */;
			productType = "com.apple.product-type.framework";
		};
		55D7BFF224C4CBBD0090F495 /* VCNetworkingTests */ = {
			isa = PBXNativeTarget;
			buildConfigurationList = 55D7C00124C4CBBE0090F495 /* Build configuration list for PBXNativeTarget "VCNetworkingTests" */;
			buildPhases = (
				55D7BFEF24C4CBBD0090F495 /* Sources */,
				55D7BFF024C4CBBD0090F495 /* Frameworks */,
				55D7BFF124C4CBBD0090F495 /* Resources */,
			);
			buildRules = (
			);
			dependencies = (
				55D7BFF624C4CBBD0090F495 /* PBXTargetDependency */,
			);
			name = VCNetworkingTests;
			productName = networkingTests;
			productReference = 55D7BFF324C4CBBD0090F495 /* VCNetworkingTests.xctest */;
			productType = "com.apple.product-type.bundle.unit-test";
		};
/* End PBXNativeTarget section */

/* Begin PBXProject section */
		55D7BFE124C4CBBD0090F495 /* Project object */ = {
			isa = PBXProject;
			attributes = {
				LastSwiftUpdateCheck = 1150;
				LastUpgradeCheck = 1150;
				ORGANIZATIONNAME = Microsoft;
				TargetAttributes = {
					55D7BFE924C4CBBD0090F495 = {
						CreatedOnToolsVersion = 11.5;
						LastSwiftMigration = 1150;
					};
					55D7BFF224C4CBBD0090F495 = {
						CreatedOnToolsVersion = 11.5;
					};
				};
			};
			buildConfigurationList = 55D7BFE424C4CBBD0090F495 /* Build configuration list for PBXProject "VCNetworking" */;
			compatibilityVersion = "Xcode 9.3";
			developmentRegion = en;
			hasScannedForEncodings = 0;
			knownRegions = (
				en,
				Base,
			);
			mainGroup = 55D7BFE024C4CBBD0090F495;
			productRefGroup = 55D7BFEB24C4CBBD0090F495 /* Products */;
			projectDirPath = "";
			projectRoot = "";
			targets = (
				55D7BFE924C4CBBD0090F495 /* VCNetworking */,
				55D7BFF224C4CBBD0090F495 /* VCNetworkingTests */,
			);
		};
/* End PBXProject section */

/* Begin PBXResourcesBuildPhase section */
		55D7BFE824C4CBBD0090F495 /* Resources */ = {
			isa = PBXResourcesBuildPhase;
			buildActionMask = 2147483647;
			files = (
			);
			runOnlyForDeploymentPostprocessing = 0;
		};
		55D7BFF124C4CBBD0090F495 /* Resources */ = {
			isa = PBXResourcesBuildPhase;
			buildActionMask = 2147483647;
			files = (
			);
			runOnlyForDeploymentPostprocessing = 0;
		};
/* End PBXResourcesBuildPhase section */

/* Begin PBXSourcesBuildPhase section */
		55D7BFE624C4CBBD0090F495 /* Sources */ = {
			isa = PBXSourcesBuildPhase;
			buildActionMask = 2147483647;
			files = (
				550F1D6325094691009AF467 /* Encoding.swift in Sources */,
				55DA76E325BE1FBD009C32E0 /* ExchangeNetworkCalls.swift in Sources */,
				5573FE5425B2090E00282BC7 /* FetchDIDDocumentOperation.swift in Sources */,
				55D1681F24EB0E1D00AD2F98 /* PostIssuanceResponseOperation.swift in Sources */,
				55D1681C24EB0E1D00AD2F98 /* NoRetry.swift in Sources */,
				55FE6EE42697AB9500201EDC /* IssuanceCompletionResponseEncoder.swift in Sources */,
				559FC97A25C8A65300737F14 /* WellKnownConfigDocumentDecoder.swift in Sources */,
				55D1682224EB0E1D00AD2F98 /* SimpleFailureHandler.swift in Sources */,
				55D1682024EB0E1D00AD2F98 /* FetchContractOperation.swift in Sources */,
				55D1681D24EB0E1D00AD2F98 /* RetryHandler.swift in Sources */,
				55793BD3255C582D007F7599 /* ExchangeRequestEncoder.swift in Sources */,
				55DA76DD25BE1ECF009C32E0 /* PresentationNetworkCalls.swift in Sources */,
				55D1681B24EB0E1D00AD2F98 /* SuccessHandler.swift in Sources */,
				55B6EF5126F137A10075918F /* String+PercentEncoding.swift in Sources */,
				55DA76C325BE1D28009C32E0 /* IssuanceNetworkCalls.swift in Sources */,
				550F1D65250946CF009AF467 /* IssuanceResponseEncoder.swift in Sources */,
				55C6C4AB250841000082BE73 /* IssuanceServiceResponseDecoder.swift in Sources */,
				559FC9DA25C9E16000737F14 /* WellKnownConfigDocumentNetworkCalls.swift in Sources */,
				922D7E72252523FD00E4C8B5 /* NSTask+AnyPromise.m in Sources */,
				922D7E6C252523FD00E4C8B5 /* NSURLSession+Promise.swift in Sources */,
				922D7E69252523FD00E4C8B5 /* NSNotificationCenter+AnyPromise.m in Sources */,
				55D1681A24EB0E1D00AD2F98 /* SimpleSuccessHandler.swift in Sources */,
				5584E4A42526234C00A9DE58 /* FetchPresentationRequestOperation.swift in Sources */,
				55DA76E725BE203F009C32E0 /* DIDDocumentNetworkCalls.swift in Sources */,
				55B6EF5726F137DB0075918F /* URL+PercentEncodedString.swift in Sources */,
				55D1681E24EB0E1D00AD2F98 /* NetworkOperation.swift in Sources */,
				55D1681824EB0E1D00AD2F98 /* NetworkingError.swift in Sources */,
				5518CC6E2526479900C7A21B /* PostPresentationResponseOperation.swift in Sources */,
				922D7E6E252523FD00E4C8B5 /* NSObject+Promise.swift in Sources */,
				55C6C4A925083D370082BE73 /* Decoding.swift in Sources */,
				550F1DEC250D668D009AF467 /* PostNetworkOperation.swift in Sources */,
				55D1682324EB0E1D00AD2F98 /* NetworkingConstants.swift in Sources */,
				5584E4A6252623EA00A9DE58 /* PresentationRequestDecoder.swift in Sources */,
				55FE6EDC2697A4A200201EDC /* PostIssuanceCompletionResponse.swift in Sources */,
				5518CC6C2526472000C7A21B /* PresentationResponseEncoder.swift in Sources */,
				55D1682124EB0E1D00AD2F98 /* FailureHandler.swift in Sources */,
				5573FE5A25B20A0C00282BC7 /* DIDDocumentDecoder.swift in Sources */,
				922D7E6A252523FD00E4C8B5 /* afterlife.swift in Sources */,
				922D7E71252523FD00E4C8B5 /* Process+Promise.swift in Sources */,
				922D7E6D252523FD00E4C8B5 /* NSURLSession+AnyPromise.m in Sources */,
				55D1681924EB0E1D00AD2F98 /* HelperNetworkFunctions.swift in Sources */,
				5518CC702526483C00C7A21B /* PresentationServiceResponseDecoder.swift in Sources */,
				922D7E68252523FD00E4C8B5 /* NSNotificationCenter+Promise.swift in Sources */,
				55C6C4AD250843920082BE73 /* ContractDecoder.swift in Sources */,
				55793BD1255C5796007F7599 /* PostExchangeRequestOperation.swift in Sources */,
				559FC95B25C8932B00737F14 /* FetchWellKnownConfigDocumentOperation.swift in Sources */,
				55FE6EE02697AB6400201EDC /* BasicServiceResponseDecoder.swift in Sources */,
			);
			runOnlyForDeploymentPostprocessing = 0;
		};
		55D7BFEF24C4CBBD0090F495 /* Sources */ = {
			isa = PBXSourcesBuildPhase;
			buildActionMask = 2147483647;
			files = (
				550F1D94250AEDBE009AF467 /* ContractDecoderTests.swift in Sources */,
				5531D3A6255DCEBE0002CC0E /* ExchangeRequestEncoderTests.swift in Sources */,
				550F1D9D250AFDF1009AF467 /* IssuanceResponseEncoderTests.swift in Sources */,
				55D1684024EB0E3600AD2F98 /* FetchContractOperationTests.swift in Sources */,
				5573FEC825B8CAF300282BC7 /* FetchDIDDocumentOperationTests.swift in Sources */,
				55D1683F24EB0E3600AD2F98 /* PostIssuanceResponseOperationTests.swift in Sources */,
				5573FEC225B8C3C900282BC7 /* DIDDocumentDecoderTests.swift in Sources */,
				5531D3A4255DB8E70002CC0E /* PostExchangeRequestOperationTests.swift in Sources */,
				55D1684224EB0E3600AD2F98 /* SimpleFailureHandlerTests.swift in Sources */,
				550F1D67250952BD009AF467 /* MockObject.swift in Sources */,
				550F1D8E250AD81B009AF467 /* TestData.swift in Sources */,
				55B6EF5C26F145320075918F /* String+PercentEncodingTests.swift in Sources */,
				55D1683B24EB0E3600AD2F98 /* UrlProtocolMock.swift in Sources */,
				5566046B27BC346200C11BBF /* FetchWellKnownConfigDocumentOperationTests.swift in Sources */,
				550F1D5D25093C0C009AF467 /* MockNetworkOperation.swift in Sources */,
				551F30492527E0200081D5E7 /* PresentationServiceResponseDecoderTests.swift in Sources */,
				55D1684124EB0E3600AD2F98 /* NetworkOperationTests.swift in Sources */,
				551F30452527DDBA0081D5E7 /* FetchPresentationRequestOperationTests.swift in Sources */,
				55D1683D24EB0E3600AD2F98 /* SimpleSuccessHandlerTests.swift in Sources */,
				550F1D712509749D009AF467 /* IssuanceServiceResponseDecoderTests.swift in Sources */,
				551F304B2527E0F30081D5E7 /* PresentationRequestDecoderTests.swift in Sources */,
				55D1683C24EB0E3600AD2F98 /* HelperNetworkFunctionsTests.swift in Sources */,
				550F1D5B25093911009AF467 /* MockDecoder.swift in Sources */,
				55D1683E24EB0E3600AD2F98 /* NoRetryTests.swift in Sources */,
				551F30472527DE540081D5E7 /* PostPresentationResponseOperationTests.swift in Sources */,
			);
			runOnlyForDeploymentPostprocessing = 0;
		};
/* End PBXSourcesBuildPhase section */

/* Begin PBXTargetDependency section */
		55D7BFF624C4CBBD0090F495 /* PBXTargetDependency */ = {
			isa = PBXTargetDependency;
			target = 55D7BFE924C4CBBD0090F495 /* VCNetworking */;
			targetProxy = 55D7BFF524C4CBBD0090F495 /* PBXContainerItemProxy */;
		};
/* End PBXTargetDependency section */

/* Begin XCBuildConfiguration section */
		55D7BFFC24C4CBBE0090F495 /* Debug */ = {
			isa = XCBuildConfiguration;
			buildSettings = {
				ALWAYS_SEARCH_USER_PATHS = NO;
				CLANG_ANALYZER_NONNULL = YES;
				CLANG_ANALYZER_NUMBER_OBJECT_CONVERSION = YES_AGGRESSIVE;
				CLANG_CXX_LANGUAGE_STANDARD = "gnu++14";
				CLANG_CXX_LIBRARY = "libc++";
				CLANG_ENABLE_MODULES = YES;
				CLANG_ENABLE_OBJC_ARC = YES;
				CLANG_ENABLE_OBJC_WEAK = YES;
				CLANG_WARN_BLOCK_CAPTURE_AUTORELEASING = YES;
				CLANG_WARN_BOOL_CONVERSION = YES;
				CLANG_WARN_COMMA = YES;
				CLANG_WARN_CONSTANT_CONVERSION = YES;
				CLANG_WARN_DEPRECATED_OBJC_IMPLEMENTATIONS = YES;
				CLANG_WARN_DIRECT_OBJC_ISA_USAGE = YES_ERROR;
				CLANG_WARN_DOCUMENTATION_COMMENTS = YES;
				CLANG_WARN_EMPTY_BODY = YES;
				CLANG_WARN_ENUM_CONVERSION = YES;
				CLANG_WARN_INFINITE_RECURSION = YES;
				CLANG_WARN_INT_CONVERSION = YES;
				CLANG_WARN_NON_LITERAL_NULL_CONVERSION = YES;
				CLANG_WARN_OBJC_IMPLICIT_RETAIN_SELF = YES;
				CLANG_WARN_OBJC_LITERAL_CONVERSION = YES;
				CLANG_WARN_OBJC_ROOT_CLASS = YES_ERROR;
				CLANG_WARN_RANGE_LOOP_ANALYSIS = YES;
				CLANG_WARN_STRICT_PROTOTYPES = YES;
				CLANG_WARN_SUSPICIOUS_MOVE = YES;
				CLANG_WARN_UNGUARDED_AVAILABILITY = YES_AGGRESSIVE;
				CLANG_WARN_UNREACHABLE_CODE = YES;
				CLANG_WARN__DUPLICATE_METHOD_MATCH = YES;
				COPY_PHASE_STRIP = NO;
				CURRENT_PROJECT_VERSION = 1;
				DEBUG_INFORMATION_FORMAT = dwarf;
				ENABLE_STRICT_OBJC_MSGSEND = YES;
				ENABLE_TESTABILITY = YES;
				GCC_C_LANGUAGE_STANDARD = gnu11;
				GCC_DYNAMIC_NO_PIC = NO;
				GCC_NO_COMMON_BLOCKS = YES;
				GCC_OPTIMIZATION_LEVEL = 0;
				GCC_PREPROCESSOR_DEFINITIONS = (
					"DEBUG=1",
					"$(inherited)",
				);
				GCC_WARN_64_TO_32_BIT_CONVERSION = YES;
				GCC_WARN_ABOUT_RETURN_TYPE = YES_ERROR;
				GCC_WARN_UNDECLARED_SELECTOR = YES;
				GCC_WARN_UNINITIALIZED_AUTOS = YES_AGGRESSIVE;
				GCC_WARN_UNUSED_FUNCTION = YES;
				GCC_WARN_UNUSED_VARIABLE = YES;
				IPHONEOS_DEPLOYMENT_TARGET = 13.5;
				MTL_ENABLE_DEBUG_INFO = INCLUDE_SOURCE;
				MTL_FAST_MATH = YES;
				ONLY_ACTIVE_ARCH = YES;
				SDKROOT = iphoneos;
				SWIFT_ACTIVE_COMPILATION_CONDITIONS = DEBUG;
				SWIFT_OPTIMIZATION_LEVEL = "-Onone";
				VERSIONING_SYSTEM = "apple-generic";
				VERSION_INFO_PREFIX = "";
			};
			name = Debug;
		};
		55D7BFFD24C4CBBE0090F495 /* Release */ = {
			isa = XCBuildConfiguration;
			buildSettings = {
				ALWAYS_SEARCH_USER_PATHS = NO;
				CLANG_ANALYZER_NONNULL = YES;
				CLANG_ANALYZER_NUMBER_OBJECT_CONVERSION = YES_AGGRESSIVE;
				CLANG_CXX_LANGUAGE_STANDARD = "gnu++14";
				CLANG_CXX_LIBRARY = "libc++";
				CLANG_ENABLE_MODULES = YES;
				CLANG_ENABLE_OBJC_ARC = YES;
				CLANG_ENABLE_OBJC_WEAK = YES;
				CLANG_WARN_BLOCK_CAPTURE_AUTORELEASING = YES;
				CLANG_WARN_BOOL_CONVERSION = YES;
				CLANG_WARN_COMMA = YES;
				CLANG_WARN_CONSTANT_CONVERSION = YES;
				CLANG_WARN_DEPRECATED_OBJC_IMPLEMENTATIONS = YES;
				CLANG_WARN_DIRECT_OBJC_ISA_USAGE = YES_ERROR;
				CLANG_WARN_DOCUMENTATION_COMMENTS = YES;
				CLANG_WARN_EMPTY_BODY = YES;
				CLANG_WARN_ENUM_CONVERSION = YES;
				CLANG_WARN_INFINITE_RECURSION = YES;
				CLANG_WARN_INT_CONVERSION = YES;
				CLANG_WARN_NON_LITERAL_NULL_CONVERSION = YES;
				CLANG_WARN_OBJC_IMPLICIT_RETAIN_SELF = YES;
				CLANG_WARN_OBJC_LITERAL_CONVERSION = YES;
				CLANG_WARN_OBJC_ROOT_CLASS = YES_ERROR;
				CLANG_WARN_RANGE_LOOP_ANALYSIS = YES;
				CLANG_WARN_STRICT_PROTOTYPES = YES;
				CLANG_WARN_SUSPICIOUS_MOVE = YES;
				CLANG_WARN_UNGUARDED_AVAILABILITY = YES_AGGRESSIVE;
				CLANG_WARN_UNREACHABLE_CODE = YES;
				CLANG_WARN__DUPLICATE_METHOD_MATCH = YES;
				COPY_PHASE_STRIP = NO;
				CURRENT_PROJECT_VERSION = 1;
				DEBUG_INFORMATION_FORMAT = "dwarf-with-dsym";
				ENABLE_NS_ASSERTIONS = NO;
				ENABLE_STRICT_OBJC_MSGSEND = YES;
				GCC_C_LANGUAGE_STANDARD = gnu11;
				GCC_NO_COMMON_BLOCKS = YES;
				GCC_WARN_64_TO_32_BIT_CONVERSION = YES;
				GCC_WARN_ABOUT_RETURN_TYPE = YES_ERROR;
				GCC_WARN_UNDECLARED_SELECTOR = YES;
				GCC_WARN_UNINITIALIZED_AUTOS = YES_AGGRESSIVE;
				GCC_WARN_UNUSED_FUNCTION = YES;
				GCC_WARN_UNUSED_VARIABLE = YES;
				IPHONEOS_DEPLOYMENT_TARGET = 13.5;
				MTL_ENABLE_DEBUG_INFO = NO;
				MTL_FAST_MATH = YES;
				SDKROOT = iphoneos;
				SWIFT_COMPILATION_MODE = wholemodule;
				SWIFT_OPTIMIZATION_LEVEL = "-O";
				VALIDATE_PRODUCT = YES;
				VERSIONING_SYSTEM = "apple-generic";
				VERSION_INFO_PREFIX = "";
			};
			name = Release;
		};
		55D7BFFF24C4CBBE0090F495 /* Debug */ = {
			isa = XCBuildConfiguration;
			buildSettings = {
				CLANG_ENABLE_MODULES = YES;
				CLANG_MODULES_AUTOLINK = NO;
				CODE_SIGN_STYLE = Automatic;
				DEAD_CODE_STRIPPING = NO;
				DEFINES_MODULE = YES;
				DEVELOPMENT_TEAM = "";
				DYLIB_COMPATIBILITY_VERSION = 1;
				DYLIB_CURRENT_VERSION = 1;
				DYLIB_INSTALL_NAME_BASE = "@rpath";
				INFOPLIST_FILE = "$(SRCROOT)/VCNetworking/Info.plist";
				INSTALL_PATH = "$(LOCAL_LIBRARY_DIR)/Frameworks";
				IPHONEOS_DEPLOYMENT_TARGET = 13.0;
				LD_RUNPATH_SEARCH_PATHS = (
					"$(inherited)",
					"@executable_path/Frameworks",
					"@loader_path/Frameworks",
				);
				MACH_O_TYPE = mh_dylib;
				PRODUCT_BUNDLE_IDENTIFIER = com.microsoft.VCNetworking;
				PRODUCT_NAME = VCNetworking;
				SKIP_INSTALL = YES;
				SWIFT_OPTIMIZATION_LEVEL = "-Onone";
				SWIFT_VERSION = 5.0;
				TARGETED_DEVICE_FAMILY = "1,2";
			};
			name = Debug;
		};
		55D7C00024C4CBBE0090F495 /* Release */ = {
			isa = XCBuildConfiguration;
			buildSettings = {
				CLANG_ENABLE_MODULES = YES;
				CLANG_MODULES_AUTOLINK = NO;
				CODE_SIGN_STYLE = Automatic;
				DEAD_CODE_STRIPPING = NO;
				DEFINES_MODULE = YES;
				DEVELOPMENT_TEAM = "";
				DYLIB_COMPATIBILITY_VERSION = 1;
				DYLIB_CURRENT_VERSION = 1;
				DYLIB_INSTALL_NAME_BASE = "@rpath";
				INFOPLIST_FILE = "$(SRCROOT)/VCNetworking/Info.plist";
				INSTALL_PATH = "$(LOCAL_LIBRARY_DIR)/Frameworks";
				IPHONEOS_DEPLOYMENT_TARGET = 13.0;
				LD_RUNPATH_SEARCH_PATHS = (
					"$(inherited)",
					"@executable_path/Frameworks",
					"@loader_path/Frameworks",
				);
				MACH_O_TYPE = mh_dylib;
				PRODUCT_BUNDLE_IDENTIFIER = com.microsoft.VCNetworking;
				PRODUCT_NAME = VCNetworking;
				SKIP_INSTALL = YES;
				SWIFT_VERSION = 5.0;
				TARGETED_DEVICE_FAMILY = "1,2";
			};
			name = Release;
		};
		55D7C00224C4CBBE0090F495 /* Debug */ = {
			isa = XCBuildConfiguration;
			buildSettings = {
				ALWAYS_EMBED_SWIFT_STANDARD_LIBRARIES = "$(inherited)";
				CODE_SIGN_STYLE = Automatic;
				DEVELOPMENT_TEAM = UBF8T346G9;
				INFOPLIST_FILE = VCNetworkingTests/Info.plist;
				LD_RUNPATH_SEARCH_PATHS = (
					"$(inherited)",
					"@executable_path/Frameworks",
					"@loader_path/Frameworks",
				);
				MACH_O_TYPE = mh_bundle;
				PRODUCT_BUNDLE_IDENTIFIER = com.microsoft.VCNetworkingTests;
				PRODUCT_NAME = "$(TARGET_NAME)";
				SWIFT_VERSION = 5.0;
				TARGETED_DEVICE_FAMILY = "1,2";
			};
			name = Debug;
		};
		55D7C00324C4CBBE0090F495 /* Release */ = {
			isa = XCBuildConfiguration;
			buildSettings = {
				ALWAYS_EMBED_SWIFT_STANDARD_LIBRARIES = "$(inherited)";
				CODE_SIGN_STYLE = Automatic;
				DEVELOPMENT_TEAM = UBF8T346G9;
				INFOPLIST_FILE = VCNetworkingTests/Info.plist;
				LD_RUNPATH_SEARCH_PATHS = (
					"$(inherited)",
					"@executable_path/Frameworks",
					"@loader_path/Frameworks",
				);
				MACH_O_TYPE = mh_bundle;
				PRODUCT_BUNDLE_IDENTIFIER = com.microsoft.VCNetworkingTests;
				PRODUCT_NAME = "$(TARGET_NAME)";
				SWIFT_VERSION = 5.0;
				TARGETED_DEVICE_FAMILY = "1,2";
			};
			name = Release;
		};
/* End XCBuildConfiguration section */

/* Begin XCConfigurationList section */
		55D7BFE424C4CBBD0090F495 /* Build configuration list for PBXProject "VCNetworking" */ = {
			isa = XCConfigurationList;
			buildConfigurations = (
				55D7BFFC24C4CBBE0090F495 /* Debug */,
				55D7BFFD24C4CBBE0090F495 /* Release */,
			);
			defaultConfigurationIsVisible = 0;
			defaultConfigurationName = Release;
		};
		55D7BFFE24C4CBBE0090F495 /* Build configuration list for PBXNativeTarget "VCNetworking" */ = {
			isa = XCConfigurationList;
			buildConfigurations = (
				55D7BFFF24C4CBBE0090F495 /* Debug */,
				55D7C00024C4CBBE0090F495 /* Release */,
			);
			defaultConfigurationIsVisible = 0;
			defaultConfigurationName = Release;
		};
		55D7C00124C4CBBE0090F495 /* Build configuration list for PBXNativeTarget "VCNetworkingTests" */ = {
			isa = XCConfigurationList;
			buildConfigurations = (
				55D7C00224C4CBBE0090F495 /* Debug */,
				55D7C00324C4CBBE0090F495 /* Release */,
			);
			defaultConfigurationIsVisible = 0;
			defaultConfigurationName = Release;
		};
/* End XCConfigurationList section */
	};
	rootObject = 55D7BFE124C4CBBD0090F495 /* Project object */;
}
