// !$*UTF8*$!
{
	archiveVersion = 1;
	classes = {
	};
	objectVersion = 50;
	objects = {

/* Begin PBXBuildFile section */
		2F848B5B282D50D5005D3176 /* Pbkdf.swift in Sources */ = {isa = PBXBuildFile; fileRef = 2F848B57282D50D5005D3176 /* Pbkdf.swift */; };
		2F848B5C282D50D5005D3176 /* Aes.swift in Sources */ = {isa = PBXBuildFile; fileRef = 2F848B58282D50D5005D3176 /* Aes.swift */; };
		2F848B5D282D50D5005D3176 /* HmacSha2.swift in Sources */ = {isa = PBXBuildFile; fileRef = 2F848B59282D50D5005D3176 /* HmacSha2.swift */; };
		2F848B5E282D50D5005D3176 /* HmacSha2AesCbc.swift in Sources */ = {isa = PBXBuildFile; fileRef = 2F848B5A282D50D5005D3176 /* HmacSha2AesCbc.swift */; };
		2F848B60282D514F005D3176 /* EphemeralSecret.swift in Sources */ = {isa = PBXBuildFile; fileRef = 2F848B5F282D514F005D3176 /* EphemeralSecret.swift */; };
		2F848B63282D51D7005D3176 /* AesTests.swift in Sources */ = {isa = PBXBuildFile; fileRef = 2F848B61282D51D7005D3176 /* AesTests.swift */; };
		2F848B64282D51D7005D3176 /* PbkdfTests.swift in Sources */ = {isa = PBXBuildFile; fileRef = 2F848B62282D51D7005D3176 /* PbkdfTests.swift */; };
		551F3059252E378E0081D5E7 /* KeyManagementOperations.swift in Sources */ = {isa = PBXBuildFile; fileRef = 551F3058252E378E0081D5E7 /* KeyManagementOperations.swift */; };
		5522B18C28FA074F006C6BA4 /* Hashing.swift in Sources */ = {isa = PBXBuildFile; fileRef = 5522B18B28FA074F006C6BA4 /* Hashing.swift */; };
		5522B19028FA2010006C6BA4 /* ES256kTests.swift in Sources */ = {isa = PBXBuildFile; fileRef = 5522B18F28FA2010006C6BA4 /* ES256kTests.swift */; };
		5522B19228FA210C006C6BA4 /* PublicKeyMock.swift in Sources */ = {isa = PBXBuildFile; fileRef = 5522B19128FA210C006C6BA4 /* PublicKeyMock.swift */; };
		5522B19428FA21C2006C6BA4 /* SigningMock.swift in Sources */ = {isa = PBXBuildFile; fileRef = 5522B19328FA21C1006C6BA4 /* SigningMock.swift */; };
		5522B19628FA21CC006C6BA4 /* HashingMock.swift in Sources */ = {isa = PBXBuildFile; fileRef = 5522B19528FA21CC006C6BA4 /* HashingMock.swift */; };
		5522B19828FA3072006C6BA4 /* SigningAlgorithm.swift in Sources */ = {isa = PBXBuildFile; fileRef = 5522B19728FA3072006C6BA4 /* SigningAlgorithm.swift */; };
		5522B19A28FA3962006C6BA4 /* SupportedCurve.swift in Sources */ = {isa = PBXBuildFile; fileRef = 5522B19928FA3962006C6BA4 /* SupportedCurve.swift */; };
		5522B19C28FA3A0F006C6BA4 /* CryptoOperationsTests.swift in Sources */ = {isa = PBXBuildFile; fileRef = 5522B19B28FA3A0F006C6BA4 /* CryptoOperationsTests.swift */; };
		5522B19E28FCC295006C6BA4 /* KeyManagementOperationsTests.swift in Sources */ = {isa = PBXBuildFile; fileRef = 5522B19D28FCC295006C6BA4 /* KeyManagementOperationsTests.swift */; };
		5522B1A028FCC4D3006C6BA4 /* VCSDKConfigurationMock.swift in Sources */ = {isa = PBXBuildFile; fileRef = 5522B19F28FCC4D3006C6BA4 /* VCSDKConfigurationMock.swift */; };
		552ACE3128F0CF070016D5BC /* PublicKey.swift in Sources */ = {isa = PBXBuildFile; fileRef = 552ACE3028F0CF070016D5BC /* PublicKey.swift */; };
		552ACE3528F4A4430016D5BC /* CryptoOperations.swift in Sources */ = {isa = PBXBuildFile; fileRef = 552ACE3428F4A4430016D5BC /* CryptoOperations.swift */; };
		552ACE6928F4D5120016D5BC /* CryptoOperating.swift in Sources */ = {isa = PBXBuildFile; fileRef = 552ACE6828F4D5120016D5BC /* CryptoOperating.swift */; };
		552ACE6B28F4D6070016D5BC /* KeyManagementOperating.swift in Sources */ = {isa = PBXBuildFile; fileRef = 552ACE6A28F4D6070016D5BC /* KeyManagementOperating.swift */; };
		553D4AAF280F443A00FD39A6 /* VCSDKConfigurable.swift in Sources */ = {isa = PBXBuildFile; fileRef = 553D4AAE280F443A00FD39A6 /* VCSDKConfigurable.swift */; };
		5540903D25000F6A001246DB /* Signing.swift in Sources */ = {isa = PBXBuildFile; fileRef = 5540903C25000F6A001246DB /* Signing.swift */; };
		5577E874251E9F99005250BC /* VCCrypto.h in Headers */ = {isa = PBXBuildFile; fileRef = 92CDE7AD24DC78DD00F95B5D /* VCCrypto.h */; settings = {ATTRIBUTES = (Public, ); }; };
		5590DE2228EF7F4800FB4AA5 /* EdDSA.swift in Sources */ = {isa = PBXBuildFile; fileRef = 5590DE2128EF7F4800FB4AA5 /* EdDSA.swift */; };
		5590DE2428EF802800FB4AA5 /* ED25519PublicKey.swift in Sources */ = {isa = PBXBuildFile; fileRef = 5590DE2328EF802800FB4AA5 /* ED25519PublicKey.swift */; };
		5590DE2628F0AD1A00FB4AA5 /* EdDSATests.swift in Sources */ = {isa = PBXBuildFile; fileRef = 5590DE2528F0AD1A00FB4AA5 /* EdDSATests.swift */; };
		5590DE2828F0C82800FB4AA5 /* SupportedSigningAlgorithms.swift in Sources */ = {isa = PBXBuildFile; fileRef = 5590DE2728F0C82800FB4AA5 /* SupportedSigningAlgorithms.swift */; };
		55ADE29924F5752500D9990E /* Sha256.swift in Sources */ = {isa = PBXBuildFile; fileRef = 55ADE29824F5752500D9990E /* Sha256.swift */; };
		55ADE29B24F5757100D9990E /* Sha256Tests.swift in Sources */ = {isa = PBXBuildFile; fileRef = 55ADE29A24F5757100D9990E /* Sha256Tests.swift */; };
		55B5DA7C28F5F6AB00C24A28 /* SupportedHashAlgorithm.swift in Sources */ = {isa = PBXBuildFile; fileRef = 55B5DA7B28F5F6AB00C24A28 /* SupportedHashAlgorithm.swift */; };
		55B5DAF728F9FCF600C24A28 /* ES256k.swift in Sources */ = {isa = PBXBuildFile; fileRef = 55B5DAF628F9FCF600C24A28 /* ES256k.swift */; };
		928AAF7124EEDC9D0029A8F9 /* Secp256k1PublicKey.swift in Sources */ = {isa = PBXBuildFile; fileRef = 928AAF7024EEDC9D0029A8F9 /* Secp256k1PublicKey.swift */; };
		928AAF7324EEE0AB0029A8F9 /* Secp256k1PublicKeyTests.swift in Sources */ = {isa = PBXBuildFile; fileRef = 928AAF7224EEE0AB0029A8F9 /* Secp256k1PublicKeyTests.swift */; };
		92CDE7B424DC78DD00F95B5D /* VCCrypto.framework in Frameworks */ = {isa = PBXBuildFile; fileRef = 92CDE7AA24DC78DD00F95B5D /* VCCrypto.framework */; };
		92CDE7C924DCA48A00F95B5D /* SecretStoring.swift in Sources */ = {isa = PBXBuildFile; fileRef = 92CDE7C824DCA48A00F95B5D /* SecretStoring.swift */; };
		92CDE7CB24DCA61800F95B5D /* KeychainSecretStore.swift in Sources */ = {isa = PBXBuildFile; fileRef = 92CDE7CA24DCA61800F95B5D /* KeychainSecretStore.swift */; };
		92CDE7D224DCA6CF00F95B5D /* Secp256k1.swift in Sources */ = {isa = PBXBuildFile; fileRef = 92CDE7D124DCA6CF00F95B5D /* Secp256k1.swift */; };
		92CDE7D524DCCE3C00F95B5D /* SecretStoreMock.swift in Sources */ = {isa = PBXBuildFile; fileRef = 92CDE7D424DCCE3C00F95B5D /* SecretStoreMock.swift */; };
		92CDE7D724DCD07D00F95B5D /* Secp256k1Tests.swift in Sources */ = {isa = PBXBuildFile; fileRef = 92CDE7D624DCD07D00F95B5D /* Secp256k1Tests.swift */; };
		92CDE7D924DDBA0500F95B5D /* HmacSha512.swift in Sources */ = {isa = PBXBuildFile; fileRef = 92CDE7D824DDBA0500F95B5D /* HmacSha512.swift */; };
		92CDE7DB24DDC65100F95B5D /* Sha512.swift in Sources */ = {isa = PBXBuildFile; fileRef = 92CDE7DA24DDC65100F95B5D /* Sha512.swift */; };
		92CDE7DE24DDCB9500F95B5D /* Data+Hex.swift in Sources */ = {isa = PBXBuildFile; fileRef = 92CDE7DD24DDCB9500F95B5D /* Data+Hex.swift */; };
		92CDE7E024DDD24700F95B5D /* Sha512Tests.swift in Sources */ = {isa = PBXBuildFile; fileRef = 92CDE7DF24DDD24700F95B5D /* Sha512Tests.swift */; };
		92CDE7E224DDF1A900F95B5D /* HmacSha512Tests.swift in Sources */ = {isa = PBXBuildFile; fileRef = 92CDE7E124DDF1A900F95B5D /* HmacSha512Tests.swift */; };
		92CDE7E424DDF42A00F95B5D /* Utf8TestData.swift in Sources */ = {isa = PBXBuildFile; fileRef = 92CDE7E324DDF42A00F95B5D /* Utf8TestData.swift */; };
		92CDE7E624DE109200F95B5D /* Data+Base64.swift in Sources */ = {isa = PBXBuildFile; fileRef = 92CDE7E524DE109200F95B5D /* Data+Base64.swift */; };
		92CDE7E824DE1A2000F95B5D /* KeychainSecretStoreTests.swift in Sources */ = {isa = PBXBuildFile; fileRef = 92CDE7E724DE1A2000F95B5D /* KeychainSecretStoreTests.swift */; };
		92CDE7F024DE1C6100F95B5D /* AppDelegate.swift in Sources */ = {isa = PBXBuildFile; fileRef = 92CDE7EF24DE1C6100F95B5D /* AppDelegate.swift */; };
		92CDE7F224DE1C6100F95B5D /* SceneDelegate.swift in Sources */ = {isa = PBXBuildFile; fileRef = 92CDE7F124DE1C6100F95B5D /* SceneDelegate.swift */; };
		92CDE7F424DE1C6100F95B5D /* ContentView.swift in Sources */ = {isa = PBXBuildFile; fileRef = 92CDE7F324DE1C6100F95B5D /* ContentView.swift */; };
		92CDE7F624DE1C6800F95B5D /* Assets.xcassets in Resources */ = {isa = PBXBuildFile; fileRef = 92CDE7F524DE1C6800F95B5D /* Assets.xcassets */; };
		92CDE7F924DE1C6800F95B5D /* Preview Assets.xcassets in Resources */ = {isa = PBXBuildFile; fileRef = 92CDE7F824DE1C6800F95B5D /* Preview Assets.xcassets */; };
		92CDE7FC24DE1C6800F95B5D /* LaunchScreen.storyboard in Resources */ = {isa = PBXBuildFile; fileRef = 92CDE7FA24DE1C6800F95B5D /* LaunchScreen.storyboard */; };
		92CDE80624E1ABEA00F95B5D /* Random32BytesSecret.swift in Sources */ = {isa = PBXBuildFile; fileRef = 92CDE80524E1ABEA00F95B5D /* Random32BytesSecret.swift */; };
		92CDE80824E1F7AF00F95B5D /* Secret.swift in Sources */ = {isa = PBXBuildFile; fileRef = 92CDE80724E1F7AF00F95B5D /* Secret.swift */; };
		92CDE80A24E2047900F95B5D /* SecretMock.swift in Sources */ = {isa = PBXBuildFile; fileRef = 92CDE80924E2047900F95B5D /* SecretMock.swift */; };
		92CDE80C24E213AE00F95B5D /* Random32BytesSecretTests.swift in Sources */ = {isa = PBXBuildFile; fileRef = 92CDE80B24E213AE00F95B5D /* Random32BytesSecretTests.swift */; };
		92D8B34E2537A7F400C42E34 /* Secp256k1.framework in Frameworks */ = {isa = PBXBuildFile; fileRef = 92D8B34D2537A7F400C42E34 /* Secp256k1.framework */; };
/* End PBXBuildFile section */

/* Begin PBXContainerItemProxy section */
		92CDE7B524DC78DD00F95B5D /* PBXContainerItemProxy */ = {
			isa = PBXContainerItemProxy;
			containerPortal = 92CDE7A124DC78DD00F95B5D /* Project object */;
			proxyType = 1;
			remoteGlobalIDString = 92CDE7A924DC78DD00F95B5D;
			remoteInfo = VCCrypto;
		};
		92CDE80124DE1C6F00F95B5D /* PBXContainerItemProxy */ = {
			isa = PBXContainerItemProxy;
			containerPortal = 92CDE7A124DC78DD00F95B5D /* Project object */;
			proxyType = 1;
			remoteGlobalIDString = 92CDE7EC24DE1C6100F95B5D;
			remoteInfo = VCCryptoTestApp;
		};
/* End PBXContainerItemProxy section */

/* Begin PBXFileReference section */
		2F848B57282D50D5005D3176 /* Pbkdf.swift */ = {isa = PBXFileReference; fileEncoding = 4; lastKnownFileType = sourcecode.swift; path = Pbkdf.swift; sourceTree = "<group>"; };
		2F848B58282D50D5005D3176 /* Aes.swift */ = {isa = PBXFileReference; fileEncoding = 4; lastKnownFileType = sourcecode.swift; path = Aes.swift; sourceTree = "<group>"; };
		2F848B59282D50D5005D3176 /* HmacSha2.swift */ = {isa = PBXFileReference; fileEncoding = 4; lastKnownFileType = sourcecode.swift; path = HmacSha2.swift; sourceTree = "<group>"; };
		2F848B5A282D50D5005D3176 /* HmacSha2AesCbc.swift */ = {isa = PBXFileReference; fileEncoding = 4; lastKnownFileType = sourcecode.swift; path = HmacSha2AesCbc.swift; sourceTree = "<group>"; };
		2F848B5F282D514F005D3176 /* EphemeralSecret.swift */ = {isa = PBXFileReference; fileEncoding = 4; lastKnownFileType = sourcecode.swift; path = EphemeralSecret.swift; sourceTree = "<group>"; };
		2F848B61282D51D7005D3176 /* AesTests.swift */ = {isa = PBXFileReference; fileEncoding = 4; lastKnownFileType = sourcecode.swift; path = AesTests.swift; sourceTree = "<group>"; };
		2F848B62282D51D7005D3176 /* PbkdfTests.swift */ = {isa = PBXFileReference; fileEncoding = 4; lastKnownFileType = sourcecode.swift; path = PbkdfTests.swift; sourceTree = "<group>"; };
		551F3058252E378E0081D5E7 /* KeyManagementOperations.swift */ = {isa = PBXFileReference; lastKnownFileType = sourcecode.swift; path = KeyManagementOperations.swift; sourceTree = "<group>"; };
		5522B18B28FA074F006C6BA4 /* Hashing.swift */ = {isa = PBXFileReference; lastKnownFileType = sourcecode.swift; path = Hashing.swift; sourceTree = "<group>"; };
		5522B18F28FA2010006C6BA4 /* ES256kTests.swift */ = {isa = PBXFileReference; lastKnownFileType = sourcecode.swift; path = ES256kTests.swift; sourceTree = "<group>"; };
		5522B19128FA210C006C6BA4 /* PublicKeyMock.swift */ = {isa = PBXFileReference; lastKnownFileType = sourcecode.swift; path = PublicKeyMock.swift; sourceTree = "<group>"; };
		5522B19328FA21C1006C6BA4 /* SigningMock.swift */ = {isa = PBXFileReference; lastKnownFileType = sourcecode.swift; path = SigningMock.swift; sourceTree = "<group>"; };
		5522B19528FA21CC006C6BA4 /* HashingMock.swift */ = {isa = PBXFileReference; lastKnownFileType = sourcecode.swift; path = HashingMock.swift; sourceTree = "<group>"; };
		5522B19728FA3072006C6BA4 /* SigningAlgorithm.swift */ = {isa = PBXFileReference; lastKnownFileType = sourcecode.swift; path = SigningAlgorithm.swift; sourceTree = "<group>"; };
		5522B19928FA3962006C6BA4 /* SupportedCurve.swift */ = {isa = PBXFileReference; lastKnownFileType = sourcecode.swift; path = SupportedCurve.swift; sourceTree = "<group>"; };
		5522B19B28FA3A0F006C6BA4 /* CryptoOperationsTests.swift */ = {isa = PBXFileReference; lastKnownFileType = sourcecode.swift; path = CryptoOperationsTests.swift; sourceTree = "<group>"; };
		5522B19D28FCC295006C6BA4 /* KeyManagementOperationsTests.swift */ = {isa = PBXFileReference; lastKnownFileType = sourcecode.swift; path = KeyManagementOperationsTests.swift; sourceTree = "<group>"; };
		5522B19F28FCC4D3006C6BA4 /* VCSDKConfigurationMock.swift */ = {isa = PBXFileReference; lastKnownFileType = sourcecode.swift; path = VCSDKConfigurationMock.swift; sourceTree = "<group>"; };
		552ACE3028F0CF070016D5BC /* PublicKey.swift */ = {isa = PBXFileReference; lastKnownFileType = sourcecode.swift; path = PublicKey.swift; sourceTree = "<group>"; };
		552ACE3428F4A4430016D5BC /* CryptoOperations.swift */ = {isa = PBXFileReference; lastKnownFileType = sourcecode.swift; path = CryptoOperations.swift; sourceTree = "<group>"; };
		552ACE6828F4D5120016D5BC /* CryptoOperating.swift */ = {isa = PBXFileReference; lastKnownFileType = sourcecode.swift; path = CryptoOperating.swift; sourceTree = "<group>"; };
		552ACE6A28F4D6070016D5BC /* KeyManagementOperating.swift */ = {isa = PBXFileReference; lastKnownFileType = sourcecode.swift; path = KeyManagementOperating.swift; sourceTree = "<group>"; };
		553D4AAE280F443A00FD39A6 /* VCSDKConfigurable.swift */ = {isa = PBXFileReference; lastKnownFileType = sourcecode.swift; path = VCSDKConfigurable.swift; sourceTree = "<group>"; };
		5540903C25000F6A001246DB /* Signing.swift */ = {isa = PBXFileReference; lastKnownFileType = sourcecode.swift; path = Signing.swift; sourceTree = "<group>"; };
		5590DE2128EF7F4800FB4AA5 /* EdDSA.swift */ = {isa = PBXFileReference; lastKnownFileType = sourcecode.swift; path = EdDSA.swift; sourceTree = "<group>"; };
		5590DE2328EF802800FB4AA5 /* ED25519PublicKey.swift */ = {isa = PBXFileReference; lastKnownFileType = sourcecode.swift; path = ED25519PublicKey.swift; sourceTree = "<group>"; };
		5590DE2528F0AD1A00FB4AA5 /* EdDSATests.swift */ = {isa = PBXFileReference; lastKnownFileType = sourcecode.swift; path = EdDSATests.swift; sourceTree = "<group>"; };
		5590DE2728F0C82800FB4AA5 /* SupportedSigningAlgorithms.swift */ = {isa = PBXFileReference; lastKnownFileType = sourcecode.swift; path = SupportedSigningAlgorithms.swift; sourceTree = "<group>"; };
		55ADE29824F5752500D9990E /* Sha256.swift */ = {isa = PBXFileReference; lastKnownFileType = sourcecode.swift; name = Sha256.swift; path = ../../../VCCrypto/VCCrypto/Algo/Sha256.swift; sourceTree = "<group>"; };
		55ADE29A24F5757100D9990E /* Sha256Tests.swift */ = {isa = PBXFileReference; lastKnownFileType = sourcecode.swift; name = Sha256Tests.swift; path = ../../VCCrypto/VCCryptoTests/Sha256Tests.swift; sourceTree = "<group>"; };
		55B5DA7B28F5F6AB00C24A28 /* SupportedHashAlgorithm.swift */ = {isa = PBXFileReference; lastKnownFileType = sourcecode.swift; path = SupportedHashAlgorithm.swift; sourceTree = "<group>"; };
		55B5DAF628F9FCF600C24A28 /* ES256k.swift */ = {isa = PBXFileReference; lastKnownFileType = sourcecode.swift; path = ES256k.swift; sourceTree = "<group>"; };
		928AAF7024EEDC9D0029A8F9 /* Secp256k1PublicKey.swift */ = {isa = PBXFileReference; lastKnownFileType = sourcecode.swift; path = Secp256k1PublicKey.swift; sourceTree = "<group>"; };
		928AAF7224EEE0AB0029A8F9 /* Secp256k1PublicKeyTests.swift */ = {isa = PBXFileReference; lastKnownFileType = sourcecode.swift; path = Secp256k1PublicKeyTests.swift; sourceTree = "<group>"; };
		92CDE7AA24DC78DD00F95B5D /* VCCrypto.framework */ = {isa = PBXFileReference; explicitFileType = wrapper.framework; includeInIndex = 0; path = VCCrypto.framework; sourceTree = BUILT_PRODUCTS_DIR; };
		92CDE7AD24DC78DD00F95B5D /* VCCrypto.h */ = {isa = PBXFileReference; lastKnownFileType = sourcecode.c.h; path = VCCrypto.h; sourceTree = "<group>"; };
		92CDE7AE24DC78DD00F95B5D /* Info.plist */ = {isa = PBXFileReference; lastKnownFileType = text.plist.xml; path = Info.plist; sourceTree = "<group>"; };
		92CDE7B324DC78DD00F95B5D /* VCCryptoTests.xctest */ = {isa = PBXFileReference; explicitFileType = wrapper.cfbundle; includeInIndex = 0; path = VCCryptoTests.xctest; sourceTree = BUILT_PRODUCTS_DIR; };
		92CDE7BA24DC78DD00F95B5D /* Info.plist */ = {isa = PBXFileReference; lastKnownFileType = text.plist.xml; path = Info.plist; sourceTree = "<group>"; };
		92CDE7C824DCA48A00F95B5D /* SecretStoring.swift */ = {isa = PBXFileReference; lastKnownFileType = sourcecode.swift; path = SecretStoring.swift; sourceTree = "<group>"; };
		92CDE7CA24DCA61800F95B5D /* KeychainSecretStore.swift */ = {isa = PBXFileReference; lastKnownFileType = sourcecode.swift; path = KeychainSecretStore.swift; sourceTree = "<group>"; };
		92CDE7D124DCA6CF00F95B5D /* Secp256k1.swift */ = {isa = PBXFileReference; lastKnownFileType = sourcecode.swift; path = Secp256k1.swift; sourceTree = "<group>"; };
		92CDE7D424DCCE3C00F95B5D /* SecretStoreMock.swift */ = {isa = PBXFileReference; lastKnownFileType = sourcecode.swift; path = SecretStoreMock.swift; sourceTree = "<group>"; };
		92CDE7D624DCD07D00F95B5D /* Secp256k1Tests.swift */ = {isa = PBXFileReference; lastKnownFileType = sourcecode.swift; path = Secp256k1Tests.swift; sourceTree = "<group>"; };
		92CDE7D824DDBA0500F95B5D /* HmacSha512.swift */ = {isa = PBXFileReference; lastKnownFileType = sourcecode.swift; path = HmacSha512.swift; sourceTree = "<group>"; };
		92CDE7DA24DDC65100F95B5D /* Sha512.swift */ = {isa = PBXFileReference; lastKnownFileType = sourcecode.swift; path = Sha512.swift; sourceTree = "<group>"; };
		92CDE7DD24DDCB9500F95B5D /* Data+Hex.swift */ = {isa = PBXFileReference; lastKnownFileType = sourcecode.swift; path = "Data+Hex.swift"; sourceTree = "<group>"; };
		92CDE7DF24DDD24700F95B5D /* Sha512Tests.swift */ = {isa = PBXFileReference; lastKnownFileType = sourcecode.swift; path = Sha512Tests.swift; sourceTree = "<group>"; };
		92CDE7E124DDF1A900F95B5D /* HmacSha512Tests.swift */ = {isa = PBXFileReference; lastKnownFileType = sourcecode.swift; path = HmacSha512Tests.swift; sourceTree = "<group>"; };
		92CDE7E324DDF42A00F95B5D /* Utf8TestData.swift */ = {isa = PBXFileReference; lastKnownFileType = sourcecode.swift; path = Utf8TestData.swift; sourceTree = "<group>"; };
		92CDE7E524DE109200F95B5D /* Data+Base64.swift */ = {isa = PBXFileReference; lastKnownFileType = sourcecode.swift; path = "Data+Base64.swift"; sourceTree = "<group>"; };
		92CDE7E724DE1A2000F95B5D /* KeychainSecretStoreTests.swift */ = {isa = PBXFileReference; lastKnownFileType = sourcecode.swift; path = KeychainSecretStoreTests.swift; sourceTree = "<group>"; };
		92CDE7ED24DE1C6100F95B5D /* VCCryptoTestApp.app */ = {isa = PBXFileReference; explicitFileType = wrapper.application; includeInIndex = 0; path = VCCryptoTestApp.app; sourceTree = BUILT_PRODUCTS_DIR; };
		92CDE7EF24DE1C6100F95B5D /* AppDelegate.swift */ = {isa = PBXFileReference; lastKnownFileType = sourcecode.swift; path = AppDelegate.swift; sourceTree = "<group>"; };
		92CDE7F124DE1C6100F95B5D /* SceneDelegate.swift */ = {isa = PBXFileReference; lastKnownFileType = sourcecode.swift; path = SceneDelegate.swift; sourceTree = "<group>"; };
		92CDE7F324DE1C6100F95B5D /* ContentView.swift */ = {isa = PBXFileReference; lastKnownFileType = sourcecode.swift; path = ContentView.swift; sourceTree = "<group>"; };
		92CDE7F524DE1C6800F95B5D /* Assets.xcassets */ = {isa = PBXFileReference; lastKnownFileType = folder.assetcatalog; path = Assets.xcassets; sourceTree = "<group>"; };
		92CDE7F824DE1C6800F95B5D /* Preview Assets.xcassets */ = {isa = PBXFileReference; lastKnownFileType = folder.assetcatalog; path = "Preview Assets.xcassets"; sourceTree = "<group>"; };
		92CDE7FB24DE1C6800F95B5D /* Base */ = {isa = PBXFileReference; lastKnownFileType = file.storyboard; name = Base; path = Base.lproj/LaunchScreen.storyboard; sourceTree = "<group>"; };
		92CDE7FD24DE1C6800F95B5D /* Info.plist */ = {isa = PBXFileReference; lastKnownFileType = text.plist.xml; path = Info.plist; sourceTree = "<group>"; };
		92CDE80524E1ABEA00F95B5D /* Random32BytesSecret.swift */ = {isa = PBXFileReference; lastKnownFileType = sourcecode.swift; path = Random32BytesSecret.swift; sourceTree = "<group>"; };
		92CDE80724E1F7AF00F95B5D /* Secret.swift */ = {isa = PBXFileReference; lastKnownFileType = sourcecode.swift; path = Secret.swift; sourceTree = "<group>"; };
		92CDE80924E2047900F95B5D /* SecretMock.swift */ = {isa = PBXFileReference; lastKnownFileType = sourcecode.swift; path = SecretMock.swift; sourceTree = "<group>"; };
		92CDE80B24E213AE00F95B5D /* Random32BytesSecretTests.swift */ = {isa = PBXFileReference; lastKnownFileType = sourcecode.swift; path = Random32BytesSecretTests.swift; sourceTree = "<group>"; };
		92D8B34D2537A7F400C42E34 /* Secp256k1.framework */ = {isa = PBXFileReference; explicitFileType = wrapper.framework; path = Secp256k1.framework; sourceTree = BUILT_PRODUCTS_DIR; };
/* End PBXFileReference section */

/* Begin PBXFrameworksBuildPhase section */
		92CDE7A724DC78DD00F95B5D /* Frameworks */ = {
			isa = PBXFrameworksBuildPhase;
			buildActionMask = 2147483647;
			files = (
				92D8B34E2537A7F400C42E34 /* Secp256k1.framework in Frameworks */,
			);
			runOnlyForDeploymentPostprocessing = 0;
		};
		92CDE7B024DC78DD00F95B5D /* Frameworks */ = {
			isa = PBXFrameworksBuildPhase;
			buildActionMask = 2147483647;
			files = (
				92CDE7B424DC78DD00F95B5D /* VCCrypto.framework in Frameworks */,
			);
			runOnlyForDeploymentPostprocessing = 0;
		};
/* End PBXFrameworksBuildPhase section */

/* Begin PBXGroup section */
		553D4AAD280F442800FD39A6 /* Protocols */ = {
			isa = PBXGroup;
			children = (
				553D4AAE280F443A00FD39A6 /* VCSDKConfigurable.swift */,
				552ACE6828F4D5120016D5BC /* CryptoOperating.swift */,
				552ACE6A28F4D6070016D5BC /* KeyManagementOperating.swift */,
				55B5DA7B28F5F6AB00C24A28 /* SupportedHashAlgorithm.swift */,
				5540903C25000F6A001246DB /* Signing.swift */,
				5522B18B28FA074F006C6BA4 /* Hashing.swift */,
				5522B19928FA3962006C6BA4 /* SupportedCurve.swift */,
			);
			path = Protocols;
			sourceTree = "<group>";
		};
		928AAF6F24EEDC670029A8F9 /* Keys */ = {
			isa = PBXGroup;
			children = (
				2F848B5F282D514F005D3176 /* EphemeralSecret.swift */,
				92CDE80524E1ABEA00F95B5D /* Random32BytesSecret.swift */,
				92CDE80724E1F7AF00F95B5D /* Secret.swift */,
				928AAF7024EEDC9D0029A8F9 /* Secp256k1PublicKey.swift */,
				5590DE2328EF802800FB4AA5 /* ED25519PublicKey.swift */,
				552ACE3028F0CF070016D5BC /* PublicKey.swift */,
			);
			path = Keys;
			sourceTree = "<group>";
		};
		92CDE7A024DC78DD00F95B5D = {
			isa = PBXGroup;
			children = (
				92CDE7AC24DC78DD00F95B5D /* VCCrypto */,
				92CDE7B724DC78DD00F95B5D /* VCCryptoTests */,
				92CDE7EE24DE1C6100F95B5D /* VCCryptoTestApp */,
				92CDE7AB24DC78DD00F95B5D /* Products */,
				C817E43043516B933BA2E4E6 /* Frameworks */,
			);
			sourceTree = "<group>";
		};
		92CDE7AB24DC78DD00F95B5D /* Products */ = {
			isa = PBXGroup;
			children = (
				92CDE7AA24DC78DD00F95B5D /* VCCrypto.framework */,
				92CDE7B324DC78DD00F95B5D /* VCCryptoTests.xctest */,
				92CDE7ED24DE1C6100F95B5D /* VCCryptoTestApp.app */,
			);
			name = Products;
			sourceTree = "<group>";
		};
		92CDE7AC24DC78DD00F95B5D /* VCCrypto */ = {
			isa = PBXGroup;
			children = (
				553D4AAD280F442800FD39A6 /* Protocols */,
				92CDE7DC24DDCB2800F95B5D /* Extensions */,
				928AAF6F24EEDC670029A8F9 /* Keys */,
				92CDE7D024DCA69C00F95B5D /* Algo */,
				92CDE7CD24DCA67A00F95B5D /* Storage */,
				551F3058252E378E0081D5E7 /* KeyManagementOperations.swift */,
				552ACE3428F4A4430016D5BC /* CryptoOperations.swift */,
				92CDE7AD24DC78DD00F95B5D /* VCCrypto.h */,
				92CDE7AE24DC78DD00F95B5D /* Info.plist */,
			);
			path = VCCrypto;
			sourceTree = "<group>";
		};
		92CDE7B724DC78DD00F95B5D /* VCCryptoTests */ = {
			isa = PBXGroup;
			children = (
				92CDE7D324DCCE1C00F95B5D /* Mocks */,
				92CDE7BA24DC78DD00F95B5D /* Info.plist */,
				5522B19B28FA3A0F006C6BA4 /* CryptoOperationsTests.swift */,
				5522B19D28FCC295006C6BA4 /* KeyManagementOperationsTests.swift */,
				55ADE29A24F5757100D9990E /* Sha256Tests.swift */,
				92CDE7DF24DDD24700F95B5D /* Sha512Tests.swift */,
				92CDE7E124DDF1A900F95B5D /* HmacSha512Tests.swift */,
				5590DE2528F0AD1A00FB4AA5 /* EdDSATests.swift */,
				5522B18F28FA2010006C6BA4 /* ES256kTests.swift */,
				92CDE7D624DCD07D00F95B5D /* Secp256k1Tests.swift */,
				928AAF7224EEE0AB0029A8F9 /* Secp256k1PublicKeyTests.swift */,
				92CDE7E724DE1A2000F95B5D /* KeychainSecretStoreTests.swift */,
				92CDE80B24E213AE00F95B5D /* Random32BytesSecretTests.swift */,
				2F848B61282D51D7005D3176 /* AesTests.swift */,
				2F848B62282D51D7005D3176 /* PbkdfTests.swift */,
			);
			path = VCCryptoTests;
			sourceTree = "<group>";
		};
		92CDE7CD24DCA67A00F95B5D /* Storage */ = {
			isa = PBXGroup;
			children = (
				92CDE7C824DCA48A00F95B5D /* SecretStoring.swift */,
				92CDE7CA24DCA61800F95B5D /* KeychainSecretStore.swift */,
			);
			name = Storage;
			sourceTree = "<group>";
		};
		92CDE7D024DCA69C00F95B5D /* Algo */ = {
			isa = PBXGroup;
			children = (
				2F848B58282D50D5005D3176 /* Aes.swift */,
				5590DE2128EF7F4800FB4AA5 /* EdDSA.swift */,
				55B5DAF628F9FCF600C24A28 /* ES256k.swift */,
				2F848B59282D50D5005D3176 /* HmacSha2.swift */,
				2F848B5A282D50D5005D3176 /* HmacSha2AesCbc.swift */,
				2F848B57282D50D5005D3176 /* Pbkdf.swift */,
				92CDE7D124DCA6CF00F95B5D /* Secp256k1.swift */,
				92CDE7D824DDBA0500F95B5D /* HmacSha512.swift */,
				92CDE7DA24DDC65100F95B5D /* Sha512.swift */,
				55ADE29824F5752500D9990E /* Sha256.swift */,
				5590DE2728F0C82800FB4AA5 /* SupportedSigningAlgorithms.swift */,
				5522B19728FA3072006C6BA4 /* SigningAlgorithm.swift */,
			);
			path = Algo;
			sourceTree = "<group>";
		};
		92CDE7D324DCCE1C00F95B5D /* Mocks */ = {
			isa = PBXGroup;
			children = (
				92CDE7E324DDF42A00F95B5D /* Utf8TestData.swift */,
				92CDE7D424DCCE3C00F95B5D /* SecretStoreMock.swift */,
				92CDE80924E2047900F95B5D /* SecretMock.swift */,
				5522B19128FA210C006C6BA4 /* PublicKeyMock.swift */,
				5522B19328FA21C1006C6BA4 /* SigningMock.swift */,
				5522B19528FA21CC006C6BA4 /* HashingMock.swift */,
				5522B19F28FCC4D3006C6BA4 /* VCSDKConfigurationMock.swift */,
			);
			path = Mocks;
			sourceTree = "<group>";
		};
		92CDE7DC24DDCB2800F95B5D /* Extensions */ = {
			isa = PBXGroup;
			children = (
				92CDE7DD24DDCB9500F95B5D /* Data+Hex.swift */,
				92CDE7E524DE109200F95B5D /* Data+Base64.swift */,
			);
			path = Extensions;
			sourceTree = "<group>";
		};
		92CDE7EE24DE1C6100F95B5D /* VCCryptoTestApp */ = {
			isa = PBXGroup;
			children = (
				92CDE7EF24DE1C6100F95B5D /* AppDelegate.swift */,
				92CDE7F124DE1C6100F95B5D /* SceneDelegate.swift */,
				92CDE7F324DE1C6100F95B5D /* ContentView.swift */,
				92CDE7F524DE1C6800F95B5D /* Assets.xcassets */,
				92CDE7FA24DE1C6800F95B5D /* LaunchScreen.storyboard */,
				92CDE7FD24DE1C6800F95B5D /* Info.plist */,
				92CDE7F724DE1C6800F95B5D /* Preview Content */,
			);
			path = VCCryptoTestApp;
			sourceTree = "<group>";
		};
		92CDE7F724DE1C6800F95B5D /* Preview Content */ = {
			isa = PBXGroup;
			children = (
				92CDE7F824DE1C6800F95B5D /* Preview Assets.xcassets */,
			);
			path = "Preview Content";
			sourceTree = "<group>";
		};
		C817E43043516B933BA2E4E6 /* Frameworks */ = {
			isa = PBXGroup;
			children = (
				92D8B34D2537A7F400C42E34 /* Secp256k1.framework */,
			);
			name = Frameworks;
			sourceTree = "<group>";
		};
/* End PBXGroup section */

/* Begin PBXHeadersBuildPhase section */
		92CDE7A524DC78DD00F95B5D /* Headers */ = {
			isa = PBXHeadersBuildPhase;
			buildActionMask = 2147483647;
			files = (
				5577E874251E9F99005250BC /* VCCrypto.h in Headers */,
			);
			runOnlyForDeploymentPostprocessing = 0;
		};
/* End PBXHeadersBuildPhase section */

/* Begin PBXNativeTarget section */
		92CDE7A924DC78DD00F95B5D /* VCCrypto */ = {
			isa = PBXNativeTarget;
			buildConfigurationList = 92CDE7BE24DC78DD00F95B5D /* Build configuration list for PBXNativeTarget "VCCrypto" */;
			buildPhases = (
				92CDE7A524DC78DD00F95B5D /* Headers */,
				92CDE7A624DC78DD00F95B5D /* Sources */,
				92CDE7A724DC78DD00F95B5D /* Frameworks */,
				92CDE7A824DC78DD00F95B5D /* Resources */,
			);
			buildRules = (
			);
			dependencies = (
			);
			name = VCCrypto;
			productName = VCCrypto;
			productReference = 92CDE7AA24DC78DD00F95B5D /* VCCrypto.framework */;
			productType = "com.apple.product-type.framework";
		};
		92CDE7B224DC78DD00F95B5D /* VCCryptoTests */ = {
			isa = PBXNativeTarget;
			buildConfigurationList = 92CDE7C124DC78DD00F95B5D /* Build configuration list for PBXNativeTarget "VCCryptoTests" */;
			buildPhases = (
				92CDE7AF24DC78DD00F95B5D /* Sources */,
				92CDE7B024DC78DD00F95B5D /* Frameworks */,
				92CDE7B124DC78DD00F95B5D /* Resources */,
			);
			buildRules = (
			);
			dependencies = (
				92CDE7B624DC78DD00F95B5D /* PBXTargetDependency */,
				92CDE80224DE1C6F00F95B5D /* PBXTargetDependency */,
			);
			name = VCCryptoTests;
			productName = VCCryptoTests;
			productReference = 92CDE7B324DC78DD00F95B5D /* VCCryptoTests.xctest */;
			productType = "com.apple.product-type.bundle.unit-test";
		};
		92CDE7EC24DE1C6100F95B5D /* VCCryptoTestApp */ = {
			isa = PBXNativeTarget;
			buildConfigurationList = 92CDE7FE24DE1C6800F95B5D /* Build configuration list for PBXNativeTarget "VCCryptoTestApp" */;
			buildPhases = (
				92CDE7E924DE1C6100F95B5D /* Sources */,
				92CDE7EB24DE1C6100F95B5D /* Resources */,
			);
			buildRules = (
			);
			dependencies = (
			);
			name = VCCryptoTestApp;
			productName = VCCryptoTestApp;
			productReference = 92CDE7ED24DE1C6100F95B5D /* VCCryptoTestApp.app */;
			productType = "com.apple.product-type.application";
		};
/* End PBXNativeTarget section */

/* Begin PBXProject section */
		92CDE7A124DC78DD00F95B5D /* Project object */ = {
			isa = PBXProject;
			attributes = {
				LastSwiftUpdateCheck = 1150;
				LastUpgradeCheck = 1150;
				ORGANIZATIONNAME = "Daniel Godbout";
				TargetAttributes = {
					92CDE7A924DC78DD00F95B5D = {
						CreatedOnToolsVersion = 11.5;
						LastSwiftMigration = 1150;
					};
					92CDE7B224DC78DD00F95B5D = {
						CreatedOnToolsVersion = 11.5;
						TestTargetID = 92CDE7EC24DE1C6100F95B5D;
					};
					92CDE7EC24DE1C6100F95B5D = {
						CreatedOnToolsVersion = 11.5;
					};
				};
			};
			buildConfigurationList = 92CDE7A424DC78DD00F95B5D /* Build configuration list for PBXProject "VCCrypto" */;
			compatibilityVersion = "Xcode 9.3";
			developmentRegion = en;
			hasScannedForEncodings = 0;
			knownRegions = (
				en,
				Base,
			);
			mainGroup = 92CDE7A024DC78DD00F95B5D;
			productRefGroup = 92CDE7AB24DC78DD00F95B5D /* Products */;
			projectDirPath = "";
			projectRoot = "";
			targets = (
				92CDE7A924DC78DD00F95B5D /* VCCrypto */,
				92CDE7B224DC78DD00F95B5D /* VCCryptoTests */,
				92CDE7EC24DE1C6100F95B5D /* VCCryptoTestApp */,
			);
		};
/* End PBXProject section */

/* Begin PBXResourcesBuildPhase section */
		92CDE7A824DC78DD00F95B5D /* Resources */ = {
			isa = PBXResourcesBuildPhase;
			buildActionMask = 2147483647;
			files = (
			);
			runOnlyForDeploymentPostprocessing = 0;
		};
		92CDE7B124DC78DD00F95B5D /* Resources */ = {
			isa = PBXResourcesBuildPhase;
			buildActionMask = 2147483647;
			files = (
			);
			runOnlyForDeploymentPostprocessing = 0;
		};
		92CDE7EB24DE1C6100F95B5D /* Resources */ = {
			isa = PBXResourcesBuildPhase;
			buildActionMask = 2147483647;
			files = (
				92CDE7FC24DE1C6800F95B5D /* LaunchScreen.storyboard in Resources */,
				92CDE7F924DE1C6800F95B5D /* Preview Assets.xcassets in Resources */,
				92CDE7F624DE1C6800F95B5D /* Assets.xcassets in Resources */,
			);
			runOnlyForDeploymentPostprocessing = 0;
		};
/* End PBXResourcesBuildPhase section */

/* Begin PBXSourcesBuildPhase section */
		92CDE7A624DC78DD00F95B5D /* Sources */ = {
			isa = PBXSourcesBuildPhase;
			buildActionMask = 2147483647;
			files = (
				92CDE7DB24DDC65100F95B5D /* Sha512.swift in Sources */,
				92CDE7C924DCA48A00F95B5D /* SecretStoring.swift in Sources */,
				552ACE6B28F4D6070016D5BC /* KeyManagementOperating.swift in Sources */,
				55B5DA7C28F5F6AB00C24A28 /* SupportedHashAlgorithm.swift in Sources */,
				552ACE3128F0CF070016D5BC /* PublicKey.swift in Sources */,
				551F3059252E378E0081D5E7 /* KeyManagementOperations.swift in Sources */,
				92CDE7E624DE109200F95B5D /* Data+Base64.swift in Sources */,
				55B5DAF728F9FCF600C24A28 /* ES256k.swift in Sources */,
				552ACE3528F4A4430016D5BC /* CryptoOperations.swift in Sources */,
				92CDE7CB24DCA61800F95B5D /* KeychainSecretStore.swift in Sources */,
				552ACE6928F4D5120016D5BC /* CryptoOperating.swift in Sources */,
				92CDE7DE24DDCB9500F95B5D /* Data+Hex.swift in Sources */,
				92CDE80624E1ABEA00F95B5D /* Random32BytesSecret.swift in Sources */,
				5590DE2228EF7F4800FB4AA5 /* EdDSA.swift in Sources */,
				2F848B5B282D50D5005D3176 /* Pbkdf.swift in Sources */,
				92CDE7D924DDBA0500F95B5D /* HmacSha512.swift in Sources */,
				2F848B5D282D50D5005D3176 /* HmacSha2.swift in Sources */,
				553D4AAF280F443A00FD39A6 /* VCSDKConfigurable.swift in Sources */,
				55ADE29924F5752500D9990E /* Sha256.swift in Sources */,
				5522B19828FA3072006C6BA4 /* SigningAlgorithm.swift in Sources */,
				92CDE80824E1F7AF00F95B5D /* Secret.swift in Sources */,
				5522B19A28FA3962006C6BA4 /* SupportedCurve.swift in Sources */,
				5522B18C28FA074F006C6BA4 /* Hashing.swift in Sources */,
				92CDE7D224DCA6CF00F95B5D /* Secp256k1.swift in Sources */,
				2F848B5C282D50D5005D3176 /* Aes.swift in Sources */,
				928AAF7124EEDC9D0029A8F9 /* Secp256k1PublicKey.swift in Sources */,
				5540903D25000F6A001246DB /* Signing.swift in Sources */,
				5590DE2828F0C82800FB4AA5 /* SupportedSigningAlgorithms.swift in Sources */,
				2F848B5E282D50D5005D3176 /* HmacSha2AesCbc.swift in Sources */,
				5590DE2428EF802800FB4AA5 /* ED25519PublicKey.swift in Sources */,
				2F848B60282D514F005D3176 /* EphemeralSecret.swift in Sources */,
			);
			runOnlyForDeploymentPostprocessing = 0;
		};
		92CDE7AF24DC78DD00F95B5D /* Sources */ = {
			isa = PBXSourcesBuildPhase;
			buildActionMask = 2147483647;
			files = (
				5522B19C28FA3A0F006C6BA4 /* CryptoOperationsTests.swift in Sources */,
				5522B19228FA210C006C6BA4 /* PublicKeyMock.swift in Sources */,
				928AAF7324EEE0AB0029A8F9 /* Secp256k1PublicKeyTests.swift in Sources */,
				92CDE7D724DCD07D00F95B5D /* Secp256k1Tests.swift in Sources */,
				5522B1A028FCC4D3006C6BA4 /* VCSDKConfigurationMock.swift in Sources */,
				5522B19E28FCC295006C6BA4 /* KeyManagementOperationsTests.swift in Sources */,
				92CDE7D524DCCE3C00F95B5D /* SecretStoreMock.swift in Sources */,
				2F848B63282D51D7005D3176 /* AesTests.swift in Sources */,
				5522B19428FA21C2006C6BA4 /* SigningMock.swift in Sources */,
				92CDE80A24E2047900F95B5D /* SecretMock.swift in Sources */,
				92CDE80C24E213AE00F95B5D /* Random32BytesSecretTests.swift in Sources */,
				92CDE7E224DDF1A900F95B5D /* HmacSha512Tests.swift in Sources */,
				5522B19028FA2010006C6BA4 /* ES256kTests.swift in Sources */,
				92CDE7E424DDF42A00F95B5D /* Utf8TestData.swift in Sources */,
				5522B19628FA21CC006C6BA4 /* HashingMock.swift in Sources */,
				92CDE7E024DDD24700F95B5D /* Sha512Tests.swift in Sources */,
				2F848B64282D51D7005D3176 /* PbkdfTests.swift in Sources */,
				55ADE29B24F5757100D9990E /* Sha256Tests.swift in Sources */,
				92CDE7E824DE1A2000F95B5D /* KeychainSecretStoreTests.swift in Sources */,
				5590DE2628F0AD1A00FB4AA5 /* EdDSATests.swift in Sources */,
			);
			runOnlyForDeploymentPostprocessing = 0;
		};
		92CDE7E924DE1C6100F95B5D /* Sources */ = {
			isa = PBXSourcesBuildPhase;
			buildActionMask = 2147483647;
			files = (
				92CDE7F024DE1C6100F95B5D /* AppDelegate.swift in Sources */,
				92CDE7F224DE1C6100F95B5D /* SceneDelegate.swift in Sources */,
				92CDE7F424DE1C6100F95B5D /* ContentView.swift in Sources */,
			);
			runOnlyForDeploymentPostprocessing = 0;
		};
/* End PBXSourcesBuildPhase section */

/* Begin PBXTargetDependency section */
		92CDE7B624DC78DD00F95B5D /* PBXTargetDependency */ = {
			isa = PBXTargetDependency;
			target = 92CDE7A924DC78DD00F95B5D /* VCCrypto */;
			targetProxy = 92CDE7B524DC78DD00F95B5D /* PBXContainerItemProxy */;
		};
		92CDE80224DE1C6F00F95B5D /* PBXTargetDependency */ = {
			isa = PBXTargetDependency;
			target = 92CDE7EC24DE1C6100F95B5D /* VCCryptoTestApp */;
			targetProxy = 92CDE80124DE1C6F00F95B5D /* PBXContainerItemProxy */;
		};
/* End PBXTargetDependency section */

/* Begin PBXVariantGroup section */
		92CDE7FA24DE1C6800F95B5D /* LaunchScreen.storyboard */ = {
			isa = PBXVariantGroup;
			children = (
				92CDE7FB24DE1C6800F95B5D /* Base */,
			);
			name = LaunchScreen.storyboard;
			sourceTree = "<group>";
		};
/* End PBXVariantGroup section */

/* Begin XCBuildConfiguration section */
		92CDE7BC24DC78DD00F95B5D /* Debug */ = {
			isa = XCBuildConfiguration;
			buildSettings = {
				ALWAYS_SEARCH_USER_PATHS = NO;
				CLANG_ANALYZER_NONNULL = YES;
				CLANG_ANALYZER_NUMBER_OBJECT_CONVERSION = YES_AGGRESSIVE;
				CLANG_CXX_LANGUAGE_STANDARD = "gnu++14";
				CLANG_CXX_LIBRARY = "libc++";
				CLANG_ENABLE_MODULES = YES;
				CLANG_ENABLE_OBJC_ARC = YES;
				CLANG_ENABLE_OBJC_WEAK = YES;
				CLANG_WARN_BLOCK_CAPTURE_AUTORELEASING = YES;
				CLANG_WARN_BOOL_CONVERSION = YES;
				CLANG_WARN_COMMA = YES;
				CLANG_WARN_CONSTANT_CONVERSION = YES;
				CLANG_WARN_DEPRECATED_OBJC_IMPLEMENTATIONS = YES;
				CLANG_WARN_DIRECT_OBJC_ISA_USAGE = YES_ERROR;
				CLANG_WARN_DOCUMENTATION_COMMENTS = YES;
				CLANG_WARN_EMPTY_BODY = YES;
				CLANG_WARN_ENUM_CONVERSION = YES;
				CLANG_WARN_INFINITE_RECURSION = YES;
				CLANG_WARN_INT_CONVERSION = YES;
				CLANG_WARN_NON_LITERAL_NULL_CONVERSION = YES;
				CLANG_WARN_OBJC_IMPLICIT_RETAIN_SELF = YES;
				CLANG_WARN_OBJC_LITERAL_CONVERSION = YES;
				CLANG_WARN_OBJC_ROOT_CLASS = YES_ERROR;
				CLANG_WARN_RANGE_LOOP_ANALYSIS = YES;
				CLANG_WARN_STRICT_PROTOTYPES = YES;
				CLANG_WARN_SUSPICIOUS_MOVE = YES;
				CLANG_WARN_UNGUARDED_AVAILABILITY = YES_AGGRESSIVE;
				CLANG_WARN_UNREACHABLE_CODE = YES;
				CLANG_WARN__DUPLICATE_METHOD_MATCH = YES;
				COPY_PHASE_STRIP = NO;
				CURRENT_PROJECT_VERSION = 1;
				DEBUG_INFORMATION_FORMAT = dwarf;
				ENABLE_STRICT_OBJC_MSGSEND = YES;
				ENABLE_TESTABILITY = YES;
				GCC_C_LANGUAGE_STANDARD = gnu11;
				GCC_DYNAMIC_NO_PIC = NO;
				GCC_NO_COMMON_BLOCKS = YES;
				GCC_OPTIMIZATION_LEVEL = 0;
				GCC_PREPROCESSOR_DEFINITIONS = (
					"DEBUG=1",
					"$(inherited)",
				);
				GCC_WARN_64_TO_32_BIT_CONVERSION = YES;
				GCC_WARN_ABOUT_RETURN_TYPE = YES_ERROR;
				GCC_WARN_UNDECLARED_SELECTOR = YES;
				GCC_WARN_UNINITIALIZED_AUTOS = YES_AGGRESSIVE;
				GCC_WARN_UNUSED_FUNCTION = YES;
				GCC_WARN_UNUSED_VARIABLE = YES;
				IPHONEOS_DEPLOYMENT_TARGET = 13.5;
				MTL_ENABLE_DEBUG_INFO = INCLUDE_SOURCE;
				MTL_FAST_MATH = YES;
				ONLY_ACTIVE_ARCH = YES;
				SDKROOT = iphoneos;
				SWIFT_ACTIVE_COMPILATION_CONDITIONS = DEBUG;
				SWIFT_OPTIMIZATION_LEVEL = "-Onone";
				VERSIONING_SYSTEM = "apple-generic";
				VERSION_INFO_PREFIX = "";
			};
			name = Debug;
		};
		92CDE7BD24DC78DD00F95B5D /* Release */ = {
			isa = XCBuildConfiguration;
			buildSettings = {
				ALWAYS_SEARCH_USER_PATHS = NO;
				CLANG_ANALYZER_NONNULL = YES;
				CLANG_ANALYZER_NUMBER_OBJECT_CONVERSION = YES_AGGRESSIVE;
				CLANG_CXX_LANGUAGE_STANDARD = "gnu++14";
				CLANG_CXX_LIBRARY = "libc++";
				CLANG_ENABLE_MODULES = YES;
				CLANG_ENABLE_OBJC_ARC = YES;
				CLANG_ENABLE_OBJC_WEAK = YES;
				CLANG_WARN_BLOCK_CAPTURE_AUTORELEASING = YES;
				CLANG_WARN_BOOL_CONVERSION = YES;
				CLANG_WARN_COMMA = YES;
				CLANG_WARN_CONSTANT_CONVERSION = YES;
				CLANG_WARN_DEPRECATED_OBJC_IMPLEMENTATIONS = YES;
				CLANG_WARN_DIRECT_OBJC_ISA_USAGE = YES_ERROR;
				CLANG_WARN_DOCUMENTATION_COMMENTS = YES;
				CLANG_WARN_EMPTY_BODY = YES;
				CLANG_WARN_ENUM_CONVERSION = YES;
				CLANG_WARN_INFINITE_RECURSION = YES;
				CLANG_WARN_INT_CONVERSION = YES;
				CLANG_WARN_NON_LITERAL_NULL_CONVERSION = YES;
				CLANG_WARN_OBJC_IMPLICIT_RETAIN_SELF = YES;
				CLANG_WARN_OBJC_LITERAL_CONVERSION = YES;
				CLANG_WARN_OBJC_ROOT_CLASS = YES_ERROR;
				CLANG_WARN_RANGE_LOOP_ANALYSIS = YES;
				CLANG_WARN_STRICT_PROTOTYPES = YES;
				CLANG_WARN_SUSPICIOUS_MOVE = YES;
				CLANG_WARN_UNGUARDED_AVAILABILITY = YES_AGGRESSIVE;
				CLANG_WARN_UNREACHABLE_CODE = YES;
				CLANG_WARN__DUPLICATE_METHOD_MATCH = YES;
				COPY_PHASE_STRIP = NO;
				CURRENT_PROJECT_VERSION = 1;
				DEBUG_INFORMATION_FORMAT = "dwarf-with-dsym";
				ENABLE_NS_ASSERTIONS = NO;
				ENABLE_STRICT_OBJC_MSGSEND = YES;
				GCC_C_LANGUAGE_STANDARD = gnu11;
				GCC_NO_COMMON_BLOCKS = YES;
				GCC_WARN_64_TO_32_BIT_CONVERSION = YES;
				GCC_WARN_ABOUT_RETURN_TYPE = YES_ERROR;
				GCC_WARN_UNDECLARED_SELECTOR = YES;
				GCC_WARN_UNINITIALIZED_AUTOS = YES_AGGRESSIVE;
				GCC_WARN_UNUSED_FUNCTION = YES;
				GCC_WARN_UNUSED_VARIABLE = YES;
				IPHONEOS_DEPLOYMENT_TARGET = 13.5;
				MTL_ENABLE_DEBUG_INFO = NO;
				MTL_FAST_MATH = YES;
				SDKROOT = iphoneos;
				SWIFT_COMPILATION_MODE = wholemodule;
				SWIFT_OPTIMIZATION_LEVEL = "-O";
				VALIDATE_PRODUCT = YES;
				VERSIONING_SYSTEM = "apple-generic";
				VERSION_INFO_PREFIX = "";
			};
			name = Release;
		};
		92CDE7BF24DC78DD00F95B5D /* Debug */ = {
			isa = XCBuildConfiguration;
			buildSettings = {
				CLANG_ENABLE_MODULES = YES;
				CLANG_MODULES_AUTOLINK = NO;
				CODE_SIGN_STYLE = Automatic;
				DEAD_CODE_STRIPPING = NO;
				DEFINES_MODULE = YES;
				DEVELOPMENT_TEAM = "";
				DYLIB_COMPATIBILITY_VERSION = 1;
				DYLIB_CURRENT_VERSION = 1;
				DYLIB_INSTALL_NAME_BASE = "@rpath";
				INFOPLIST_FILE = VCCrypto/Info.plist;
				INSTALL_PATH = "$(LOCAL_LIBRARY_DIR)/Frameworks";
				IPHONEOS_DEPLOYMENT_TARGET = 13.0;
				LD_RUNPATH_SEARCH_PATHS = (
					"$(inherited)",
					"@executable_path/Frameworks",
					"@loader_path/Frameworks",
				);
				MACH_O_TYPE = mh_dylib;
				PRODUCT_BUNDLE_IDENTIFIER = com.microsoft.VCCrypto;
				PRODUCT_NAME = VCCrypto;
				SKIP_INSTALL = YES;
				SUPPORTS_MACCATALYST = NO;
				SWIFT_OPTIMIZATION_LEVEL = "-Onone";
				SWIFT_VERSION = 5.0;
				TARGETED_DEVICE_FAMILY = "1,2";
			};
			name = Debug;
		};
		92CDE7C024DC78DD00F95B5D /* Release */ = {
			isa = XCBuildConfiguration;
			buildSettings = {
				CLANG_ENABLE_MODULES = YES;
				CLANG_MODULES_AUTOLINK = NO;
				CODE_SIGN_STYLE = Automatic;
				DEAD_CODE_STRIPPING = NO;
				DEFINES_MODULE = YES;
				DEVELOPMENT_TEAM = "";
				DYLIB_COMPATIBILITY_VERSION = 1;
				DYLIB_CURRENT_VERSION = 1;
				DYLIB_INSTALL_NAME_BASE = "@rpath";
				INFOPLIST_FILE = VCCrypto/Info.plist;
				INSTALL_PATH = "$(LOCAL_LIBRARY_DIR)/Frameworks";
				IPHONEOS_DEPLOYMENT_TARGET = 13.0;
				LD_RUNPATH_SEARCH_PATHS = (
					"$(inherited)",
					"@executable_path/Frameworks",
					"@loader_path/Frameworks",
				);
				MACH_O_TYPE = mh_dylib;
				PRODUCT_BUNDLE_IDENTIFIER = com.microsoft.VCCrypto;
				PRODUCT_NAME = VCCrypto;
				SKIP_INSTALL = YES;
				SUPPORTS_MACCATALYST = NO;
				SWIFT_VERSION = 5.0;
				TARGETED_DEVICE_FAMILY = "1,2";
			};
			name = Release;
		};
		92CDE7C224DC78DD00F95B5D /* Debug */ = {
			isa = XCBuildConfiguration;
			buildSettings = {
				ALWAYS_EMBED_SWIFT_STANDARD_LIBRARIES = YES;
				CODE_SIGN_STYLE = Automatic;
				DEVELOPMENT_TEAM = UBF8T346G9;
				INFOPLIST_FILE = VCCryptoTests/Info.plist;
				LD_RUNPATH_SEARCH_PATHS = (
					"$(inherited)",
					"@executable_path/Frameworks",
					"@loader_path/Frameworks",
				);
				PRODUCT_BUNDLE_IDENTIFIER = com.microsoft.VCCryptoTests;
				PRODUCT_NAME = "$(TARGET_NAME)";
				SWIFT_VERSION = 5.0;
				TARGETED_DEVICE_FAMILY = "1,2";
				TEST_HOST = "$(BUILT_PRODUCTS_DIR)/VCCryptoTestApp.app/VCCryptoTestApp";
			};
			name = Debug;
		};
		92CDE7C324DC78DD00F95B5D /* Release */ = {
			isa = XCBuildConfiguration;
			buildSettings = {
				ALWAYS_EMBED_SWIFT_STANDARD_LIBRARIES = YES;
				CODE_SIGN_STYLE = Automatic;
				DEVELOPMENT_TEAM = UBF8T346G9;
				INFOPLIST_FILE = VCCryptoTests/Info.plist;
				LD_RUNPATH_SEARCH_PATHS = (
					"$(inherited)",
					"@executable_path/Frameworks",
					"@loader_path/Frameworks",
				);
				PRODUCT_BUNDLE_IDENTIFIER = com.microsoft.VCCryptoTests;
				PRODUCT_NAME = "$(TARGET_NAME)";
				SWIFT_VERSION = 5.0;
				TARGETED_DEVICE_FAMILY = "1,2";
				TEST_HOST = "$(BUILT_PRODUCTS_DIR)/VCCryptoTestApp.app/VCCryptoTestApp";
			};
			name = Release;
		};
		92CDE7FF24DE1C6800F95B5D /* Debug */ = {
			isa = XCBuildConfiguration;
			buildSettings = {
				ASSETCATALOG_COMPILER_APPICON_NAME = AppIcon;
				CODE_SIGN_STYLE = Automatic;
				DEVELOPMENT_ASSET_PATHS = "\"VCCryptoTestApp/Preview Content\"";
				DEVELOPMENT_TEAM = UBF8T346G9;
				ENABLE_PREVIEWS = YES;
				INFOPLIST_FILE = VCCryptoTestApp/Info.plist;
				LD_RUNPATH_SEARCH_PATHS = (
					"$(inherited)",
					"@executable_path/Frameworks",
				);
				PRODUCT_BUNDLE_IDENTIFIER = com.microsoft.VCCryptoTestApp;
				PRODUCT_NAME = VCCryptoTestApp;
				SWIFT_VERSION = 5.0;
				TARGETED_DEVICE_FAMILY = "1,2";
			};
			name = Debug;
		};
		92CDE80024DE1C6800F95B5D /* Release */ = {
			isa = XCBuildConfiguration;
			buildSettings = {
				ASSETCATALOG_COMPILER_APPICON_NAME = AppIcon;
				CODE_SIGN_STYLE = Automatic;
				DEVELOPMENT_ASSET_PATHS = "\"VCCryptoTestApp/Preview Content\"";
				DEVELOPMENT_TEAM = UBF8T346G9;
				ENABLE_PREVIEWS = YES;
				INFOPLIST_FILE = VCCryptoTestApp/Info.plist;
				LD_RUNPATH_SEARCH_PATHS = (
					"$(inherited)",
					"@executable_path/Frameworks",
				);
				PRODUCT_BUNDLE_IDENTIFIER = com.microsoft.VCCryptoTestApp;
				PRODUCT_NAME = VCCryptoTestApp;
				SWIFT_VERSION = 5.0;
				TARGETED_DEVICE_FAMILY = "1,2";
			};
			name = Release;
		};
/* End XCBuildConfiguration section */

/* Begin XCConfigurationList section */
		92CDE7A424DC78DD00F95B5D /* Build configuration list for PBXProject "VCCrypto" */ = {
			isa = XCConfigurationList;
			buildConfigurations = (
				92CDE7BC24DC78DD00F95B5D /* Debug */,
				92CDE7BD24DC78DD00F95B5D /* Release */,
			);
			defaultConfigurationIsVisible = 0;
			defaultConfigurationName = Release;
		};
		92CDE7BE24DC78DD00F95B5D /* Build configuration list for PBXNativeTarget "VCCrypto" */ = {
			isa = XCConfigurationList;
			buildConfigurations = (
				92CDE7BF24DC78DD00F95B5D /* Debug */,
				92CDE7C024DC78DD00F95B5D /* Release */,
			);
			defaultConfigurationIsVisible = 0;
			defaultConfigurationName = Release;
		};
		92CDE7C124DC78DD00F95B5D /* Build configuration list for PBXNativeTarget "VCCryptoTests" */ = {
			isa = XCConfigurationList;
			buildConfigurations = (
				92CDE7C224DC78DD00F95B5D /* Debug */,
				92CDE7C324DC78DD00F95B5D /* Release */,
			);
			defaultConfigurationIsVisible = 0;
			defaultConfigurationName = Release;
		};
		92CDE7FE24DE1C6800F95B5D /* Build configuration list for PBXNativeTarget "VCCryptoTestApp" */ = {
			isa = XCConfigurationList;
			buildConfigurations = (
				92CDE7FF24DE1C6800F95B5D /* Debug */,
				92CDE80024DE1C6800F95B5D /* Release */,
			);
			defaultConfigurationIsVisible = 0;
			defaultConfigurationName = Release;
		};
/* End XCConfigurationList section */
	};
	rootObject = 92CDE7A124DC78DD00F95B5D /* Project object */;
}
