// !$*UTF8*$!
{
	archiveVersion = 1;
	classes = {
	};
	objectVersion = 56;
	objects = {

/* Begin PBXBuildFile section */
		552A75BB29C50DBA005BFF3D /* VerifiedIdRepository.swift in Sources */ = {isa = PBXBuildFile; fileRef = 552A75BA29C50DB9005BFF3D /* VerifiedIdRepository.swift */; };
		553CC08929A94686005A5FD6 /* ErrorView.swift in Sources */ = {isa = PBXBuildFile; fileRef = 553CC08829A94686005A5FD6 /* ErrorView.swift */; };
		553CC08B29A9469B005A5FD6 /* VerifiedIdView.swift in Sources */ = {isa = PBXBuildFile; fileRef = 553CC08A29A9469B005A5FD6 /* VerifiedIdView.swift */; };
		553CC08D29A94A13005A5FD6 /* RequirementListCellView.swift in Sources */ = {isa = PBXBuildFile; fileRef = 553CC08C29A94A13005A5FD6 /* RequirementListCellView.swift */; };
		5585BDE129A047370059710B /* SampleViewModel.swift in Sources */ = {isa = PBXBuildFile; fileRef = 5585BDE029A047370059710B /* SampleViewModel.swift */; };
		5585BDE529A692E10059710B /* RequirementState.swift in Sources */ = {isa = PBXBuildFile; fileRef = 5585BDE429A692E10059710B /* RequirementState.swift */; };
		5585BDFE29A6C4CA0059710B /* RequestView.swift in Sources */ = {isa = PBXBuildFile; fileRef = 5585BDFD29A6C4CA0059710B /* RequestView.swift */; };
		5585BE0029A6C5070059710B /* RequirementView.swift in Sources */ = {isa = PBXBuildFile; fileRef = 5585BDFF29A6C5070059710B /* RequirementView.swift */; };
		55E33698293E8F7500CD2ED7 /* WalletLibraryDemoApp.swift in Sources */ = {isa = PBXBuildFile; fileRef = 55E33697293E8F7500CD2ED7 /* WalletLibraryDemoApp.swift */; };
		55E3369A293E8F7500CD2ED7 /* Persistence.swift in Sources */ = {isa = PBXBuildFile; fileRef = 55E33699293E8F7500CD2ED7 /* Persistence.swift */; };
		55E3369D293E8F7500CD2ED7 /* WalletLibraryDemo.xcdatamodeld in Sources */ = {isa = PBXBuildFile; fileRef = 55E3369B293E8F7500CD2ED7 /* WalletLibraryDemo.xcdatamodeld */; };
		55E3369F293E8F7500CD2ED7 /* ContentView.swift in Sources */ = {isa = PBXBuildFile; fileRef = 55E3369E293E8F7500CD2ED7 /* ContentView.swift */; };
		55E336A1293E8F7700CD2ED7 /* Assets.xcassets in Resources */ = {isa = PBXBuildFile; fileRef = 55E336A0293E8F7700CD2ED7 /* Assets.xcassets */; };
		55E336A5293E8F7700CD2ED7 /* Preview Assets.xcassets in Resources */ = {isa = PBXBuildFile; fileRef = 55E336A4293E8F7700CD2ED7 /* Preview Assets.xcassets */; };
		55E336CC293E906E00CD2ED7 /* WalletLibrary.framework in Frameworks */ = {isa = PBXBuildFile; fileRef = 55E336CB293E906E00CD2ED7 /* WalletLibrary.framework */; };
		55E336CD293E906E00CD2ED7 /* WalletLibrary.framework in Embed Frameworks */ = {isa = PBXBuildFile; fileRef = 55E336CB293E906E00CD2ED7 /* WalletLibrary.framework */; settings = {ATTRIBUTES = (CodeSignOnCopy, RemoveHeadersOnCopy, ); }; };
/* End PBXBuildFile section */

/* Begin PBXCopyFilesBuildPhase section */
		55E336CE293E906E00CD2ED7 /* Embed Frameworks */ = {
			isa = PBXCopyFilesBuildPhase;
			buildActionMask = 2147483647;
			dstPath = "";
			dstSubfolderSpec = 10;
			files = (
				55E336CD293E906E00CD2ED7 /* WalletLibrary.framework in Embed Frameworks */,
			);
			name = "Embed Frameworks";
			runOnlyForDeploymentPostprocessing = 0;
		};
/* End PBXCopyFilesBuildPhase section */

/* Begin PBXFileReference section */
		552A75BA29C50DB9005BFF3D /* VerifiedIdRepository.swift */ = {isa = PBXFileReference; lastKnownFileType = sourcecode.swift; path = VerifiedIdRepository.swift; sourceTree = "<group>"; };
		553CC08829A94686005A5FD6 /* ErrorView.swift */ = {isa = PBXFileReference; lastKnownFileType = sourcecode.swift; path = ErrorView.swift; sourceTree = "<group>"; };
		553CC08A29A9469B005A5FD6 /* VerifiedIdView.swift */ = {isa = PBXFileReference; lastKnownFileType = sourcecode.swift; path = VerifiedIdView.swift; sourceTree = "<group>"; };
		553CC08C29A94A13005A5FD6 /* RequirementListCellView.swift */ = {isa = PBXFileReference; lastKnownFileType = sourcecode.swift; path = RequirementListCellView.swift; sourceTree = "<group>"; };
		5585BDE029A047370059710B /* SampleViewModel.swift */ = {isa = PBXFileReference; lastKnownFileType = sourcecode.swift; path = SampleViewModel.swift; sourceTree = "<group>"; };
		5585BDE429A692E10059710B /* RequirementState.swift */ = {isa = PBXFileReference; lastKnownFileType = sourcecode.swift; path = RequirementState.swift; sourceTree = "<group>"; };
		5585BDFD29A6C4CA0059710B /* RequestView.swift */ = {isa = PBXFileReference; lastKnownFileType = sourcecode.swift; path = RequestView.swift; sourceTree = "<group>"; };
		5585BDFF29A6C5070059710B /* RequirementView.swift */ = {isa = PBXFileReference; lastKnownFileType = sourcecode.swift; path = RequirementView.swift; sourceTree = "<group>"; };
		55E33694293E8F7500CD2ED7 /* WalletLibraryDemo.app */ = {isa = PBXFileReference; explicitFileType = wrapper.application; includeInIndex = 0; path = WalletLibraryDemo.app; sourceTree = BUILT_PRODUCTS_DIR; };
		55E33697293E8F7500CD2ED7 /* WalletLibraryDemoApp.swift */ = {isa = PBXFileReference; lastKnownFileType = sourcecode.swift; path = WalletLibraryDemoApp.swift; sourceTree = "<group>"; };
		55E33699293E8F7500CD2ED7 /* Persistence.swift */ = {isa = PBXFileReference; lastKnownFileType = sourcecode.swift; path = Persistence.swift; sourceTree = "<group>"; };
		55E3369C293E8F7500CD2ED7 /* WalletLibraryDemo.xcdatamodel */ = {isa = PBXFileReference; lastKnownFileType = wrapper.xcdatamodel; path = WalletLibraryDemo.xcdatamodel; sourceTree = "<group>"; };
		55E3369E293E8F7500CD2ED7 /* ContentView.swift */ = {isa = PBXFileReference; lastKnownFileType = sourcecode.swift; path = ContentView.swift; sourceTree = "<group>"; };
		55E336A0293E8F7700CD2ED7 /* Assets.xcassets */ = {isa = PBXFileReference; lastKnownFileType = folder.assetcatalog; path = Assets.xcassets; sourceTree = "<group>"; };
		55E336A2293E8F7700CD2ED7 /* WalletLibraryDemo.entitlements */ = {isa = PBXFileReference; lastKnownFileType = text.plist.entitlements; path = WalletLibraryDemo.entitlements; sourceTree = "<group>"; };
		55E336A4293E8F7700CD2ED7 /* Preview Assets.xcassets */ = {isa = PBXFileReference; lastKnownFileType = folder.assetcatalog; path = "Preview Assets.xcassets"; sourceTree = "<group>"; };
		55E336CB293E906E00CD2ED7 /* WalletLibrary.framework */ = {isa = PBXFileReference; explicitFileType = wrapper.framework; path = WalletLibrary.framework; sourceTree = BUILT_PRODUCTS_DIR; };
/* End PBXFileReference section */

/* Begin PBXFrameworksBuildPhase section */
		55E33691293E8F7500CD2ED7 /* Frameworks */ = {
			isa = PBXFrameworksBuildPhase;
			buildActionMask = 2147483647;
			files = (
				55E336CC293E906E00CD2ED7 /* WalletLibrary.framework in Frameworks */,
			);
			runOnlyForDeploymentPostprocessing = 0;
		};
/* End PBXFrameworksBuildPhase section */

/* Begin PBXGroup section */
		553CC08E29A94A40005A5FD6 /* Views */ = {
			isa = PBXGroup;
			children = (
				553CC08829A94686005A5FD6 /* ErrorView.swift */,
				5585BDFD29A6C4CA0059710B /* RequestView.swift */,
				553CC08C29A94A13005A5FD6 /* RequirementListCellView.swift */,
				5585BDFF29A6C5070059710B /* RequirementView.swift */,
				553CC08A29A9469B005A5FD6 /* VerifiedIdView.swift */,
			);
			path = Views;
			sourceTree = "<group>";
		};
		55E3368B293E8F7500CD2ED7 = {
			isa = PBXGroup;
			children = (
				55E33696293E8F7500CD2ED7 /* WalletLibraryDemo */,
				55E33695293E8F7500CD2ED7 /* Products */,
				55E336CA293E906E00CD2ED7 /* Frameworks */,
			);
			sourceTree = "<group>";
		};
		55E33695293E8F7500CD2ED7 /* Products */ = {
			isa = PBXGroup;
			children = (
				55E33694293E8F7500CD2ED7 /* WalletLibraryDemo.app */,
			);
			name = Products;
			sourceTree = "<group>";
		};
		55E33696293E8F7500CD2ED7 /* WalletLibraryDemo */ = {
			isa = PBXGroup;
			children = (
				553CC08E29A94A40005A5FD6 /* Views */,
				55E3369E293E8F7500CD2ED7 /* ContentView.swift */,
				55E33699293E8F7500CD2ED7 /* Persistence.swift */,
				5585BDE429A692E10059710B /* RequirementState.swift */,
				5585BDE029A047370059710B /* SampleViewModel.swift */,
				552A75BA29C50DB9005BFF3D /* VerifiedIdRepository.swift */,
				55E33697293E8F7500CD2ED7 /* WalletLibraryDemoApp.swift */,
				55E336A0293E8F7700CD2ED7 /* Assets.xcassets */,
				55E336A2293E8F7700CD2ED7 /* WalletLibraryDemo.entitlements */,
				55E3369B293E8F7500CD2ED7 /* WalletLibraryDemo.xcdatamodeld */,
				55E336A3293E8F7700CD2ED7 /* Preview Content */,
			);
			path = WalletLibraryDemo;
			sourceTree = "<group>";
		};
		55E336A3293E8F7700CD2ED7 /* Preview Content */ = {
			isa = PBXGroup;
			children = (
				55E336A4293E8F7700CD2ED7 /* Preview Assets.xcassets */,
			);
			path = "Preview Content";
			sourceTree = "<group>";
		};
		55E336CA293E906E00CD2ED7 /* Frameworks */ = {
			isa = PBXGroup;
			children = (
				55E336CB293E906E00CD2ED7 /* WalletLibrary.framework */,
			);
			name = Frameworks;
			sourceTree = "<group>";
		};
/* End PBXGroup section */

/* Begin PBXNativeTarget section */
		55E33693293E8F7500CD2ED7 /* WalletLibraryDemo */ = {
			isa = PBXNativeTarget;
			buildConfigurationList = 55E336A8293E8F7700CD2ED7 /* Build configuration list for PBXNativeTarget "WalletLibraryDemo" */;
			buildPhases = (
				55E33690293E8F7500CD2ED7 /* Sources */,
				55E33691293E8F7500CD2ED7 /* Frameworks */,
				55E33692293E8F7500CD2ED7 /* Resources */,
				55E336CE293E906E00CD2ED7 /* Embed Frameworks */,
			);
			buildRules = (
			);
			dependencies = (
			);
			name = WalletLibraryDemo;
			productName = WalletLibraryDemo;
			productReference = 55E33694293E8F7500CD2ED7 /* WalletLibraryDemo.app */;
			productType = "com.apple.product-type.application";
		};
/* End PBXNativeTarget section */

/* Begin PBXProject section */
		55E3368C293E8F7500CD2ED7 /* Project object */ = {
			isa = PBXProject;
			attributes = {
				BuildIndependentTargetsInParallel = 1;
				LastSwiftUpdateCheck = 1400;
				LastUpgradeCheck = 1400;
				TargetAttributes = {
					55E33693293E8F7500CD2ED7 = {
						CreatedOnToolsVersion = 14.0.1;
					};
				};
			};
			buildConfigurationList = 55E3368F293E8F7500CD2ED7 /* Build configuration list for PBXProject "WalletLibraryDemo" */;
			compatibilityVersion = "Xcode 14.0";
			developmentRegion = en;
			hasScannedForEncodings = 0;
			knownRegions = (
				en,
				Base,
			);
			mainGroup = 55E3368B293E8F7500CD2ED7;
			productRefGroup = 55E33695293E8F7500CD2ED7 /* Products */;
			projectDirPath = "";
			projectRoot = "";
			targets = (
				55E33693293E8F7500CD2ED7 /* WalletLibraryDemo */,
			);
		};
/* End PBXProject section */

/* Begin PBXResourcesBuildPhase section */
		55E33692293E8F7500CD2ED7 /* Resources */ = {
			isa = PBXResourcesBuildPhase;
			buildActionMask = 2147483647;
			files = (
				55E336A5293E8F7700CD2ED7 /* Preview Assets.xcassets in Resources */,
				55E336A1293E8F7700CD2ED7 /* Assets.xcassets in Resources */,
			);
			runOnlyForDeploymentPostprocessing = 0;
		};
/* End PBXResourcesBuildPhase section */

/* Begin PBXSourcesBuildPhase section */
		55E33690293E8F7500CD2ED7 /* Sources */ = {
			isa = PBXSourcesBuildPhase;
			buildActionMask = 2147483647;
			files = (
				5585BDFE29A6C4CA0059710B /* RequestView.swift in Sources */,
				55E3369D293E8F7500CD2ED7 /* WalletLibraryDemo.xcdatamodeld in Sources */,
				553CC08B29A9469B005A5FD6 /* VerifiedIdView.swift in Sources */,
				55E33698293E8F7500CD2ED7 /* WalletLibraryDemoApp.swift in Sources */,
				552A75BB29C50DBA005BFF3D /* VerifiedIdRepository.swift in Sources */,
				55E3369F293E8F7500CD2ED7 /* ContentView.swift in Sources */,
				5585BE0029A6C5070059710B /* RequirementView.swift in Sources */,
				5585BDE529A692E10059710B /* RequirementState.swift in Sources */,
				55E3369A293E8F7500CD2ED7 /* Persistence.swift in Sources */,
				553CC08929A94686005A5FD6 /* ErrorView.swift in Sources */,
				553CC08D29A94A13005A5FD6 /* RequirementListCellView.swift in Sources */,
				5585BDE129A047370059710B /* SampleViewModel.swift in Sources */,
			);
			runOnlyForDeploymentPostprocessing = 0;
		};
/* End PBXSourcesBuildPhase section */

/* Begin XCBuildConfiguration section */
		55E336A6293E8F7700CD2ED7 /* Debug */ = {
			isa = XCBuildConfiguration;
			buildSettings = {
				ALWAYS_SEARCH_USER_PATHS = NO;
				CLANG_ANALYZER_NONNULL = YES;
				CLANG_ANALYZER_NUMBER_OBJECT_CONVERSION = YES_AGGRESSIVE;
				CLANG_CXX_LANGUAGE_STANDARD = "gnu++20";
				CLANG_ENABLE_MODULES = YES;
				CLANG_ENABLE_OBJC_ARC = YES;
				CLANG_ENABLE_OBJC_WEAK = YES;
				CLANG_WARN_BLOCK_CAPTURE_AUTORELEASING = YES;
				CLANG_WARN_BOOL_CONVERSION = YES;
				CLANG_WARN_COMMA = YES;
				CLANG_WARN_CONSTANT_CONVERSION = YES;
				CLANG_WARN_DEPRECATED_OBJC_IMPLEMENTATIONS = YES;
				CLANG_WARN_DIRECT_OBJC_ISA_USAGE = YES_ERROR;
				CLANG_WARN_DOCUMENTATION_COMMENTS = YES;
				CLANG_WARN_EMPTY_BODY = YES;
				CLANG_WARN_ENUM_CONVERSION = YES;
				CLANG_WARN_INFINITE_RECURSION = YES;
				CLANG_WARN_INT_CONVERSION = YES;
				CLANG_WARN_NON_LITERAL_NULL_CONVERSION = YES;
				CLANG_WARN_OBJC_IMPLICIT_RETAIN_SELF = YES;
				CLANG_WARN_OBJC_LITERAL_CONVERSION = YES;
				CLANG_WARN_OBJC_ROOT_CLASS = YES_ERROR;
				CLANG_WARN_QUOTED_INCLUDE_IN_FRAMEWORK_HEADER = YES;
				CLANG_WARN_RANGE_LOOP_ANALYSIS = YES;
				CLANG_WARN_STRICT_PROTOTYPES = YES;
				CLANG_WARN_SUSPICIOUS_MOVE = YES;
				CLANG_WARN_UNGUARDED_AVAILABILITY = YES_AGGRESSIVE;
				CLANG_WARN_UNREACHABLE_CODE = YES;
				CLANG_WARN__DUPLICATE_METHOD_MATCH = YES;
				COPY_PHASE_STRIP = NO;
				DEBUG_INFORMATION_FORMAT = dwarf;
				ENABLE_STRICT_OBJC_MSGSEND = YES;
				ENABLE_TESTABILITY = YES;
				GCC_C_LANGUAGE_STANDARD = gnu11;
				GCC_DYNAMIC_NO_PIC = NO;
				GCC_NO_COMMON_BLOCKS = YES;
				GCC_OPTIMIZATION_LEVEL = 0;
				GCC_PREPROCESSOR_DEFINITIONS = (
					"DEBUG=1",
					"$(inherited)",
				);
				GCC_WARN_64_TO_32_BIT_CONVERSION = YES;
				GCC_WARN_ABOUT_RETURN_TYPE = YES_ERROR;
				GCC_WARN_UNDECLARED_SELECTOR = YES;
				GCC_WARN_UNINITIALIZED_AUTOS = YES_AGGRESSIVE;
				GCC_WARN_UNUSED_FUNCTION = YES;
				GCC_WARN_UNUSED_VARIABLE = YES;
				MTL_ENABLE_DEBUG_INFO = INCLUDE_SOURCE;
				MTL_FAST_MATH = YES;
				ONLY_ACTIVE_ARCH = YES;
				SWIFT_ACTIVE_COMPILATION_CONDITIONS = DEBUG;
				SWIFT_OPTIMIZATION_LEVEL = "-Onone";
			};
			name = Debug;
		};
		55E336A7293E8F7700CD2ED7 /* Release */ = {
			isa = XCBuildConfiguration;
			buildSettings = {
				ALWAYS_SEARCH_USER_PATHS = NO;
				CLANG_ANALYZER_NONNULL = YES;
				CLANG_ANALYZER_NUMBER_OBJECT_CONVERSION = YES_AGGRESSIVE;
				CLANG_CXX_LANGUAGE_STANDARD = "gnu++20";
				CLANG_ENABLE_MODULES = YES;
				CLANG_ENABLE_OBJC_ARC = YES;
				CLANG_ENABLE_OBJC_WEAK = YES;
				CLANG_WARN_BLOCK_CAPTURE_AUTORELEASING = YES;
				CLANG_WARN_BOOL_CONVERSION = YES;
				CLANG_WARN_COMMA = YES;
				CLANG_WARN_CONSTANT_CONVERSION = YES;
				CLANG_WARN_DEPRECATED_OBJC_IMPLEMENTATIONS = YES;
				CLANG_WARN_DIRECT_OBJC_ISA_USAGE = YES_ERROR;
				CLANG_WARN_DOCUMENTATION_COMMENTS = YES;
				CLANG_WARN_EMPTY_BODY = YES;
				CLANG_WARN_ENUM_CONVERSION = YES;
				CLANG_WARN_INFINITE_RECURSION = YES;
				CLANG_WARN_INT_CONVERSION = YES;
				CLANG_WARN_NON_LITERAL_NULL_CONVERSION = YES;
				CLANG_WARN_OBJC_IMPLICIT_RETAIN_SELF = YES;
				CLANG_WARN_OBJC_LITERAL_CONVERSION = YES;
				CLANG_WARN_OBJC_ROOT_CLASS = YES_ERROR;
				CLANG_WARN_QUOTED_INCLUDE_IN_FRAMEWORK_HEADER = YES;
				CLANG_WARN_RANGE_LOOP_ANALYSIS = YES;
				CLANG_WARN_STRICT_PROTOTYPES = YES;
				CLANG_WARN_SUSPICIOUS_MOVE = YES;
				CLANG_WARN_UNGUARDED_AVAILABILITY = YES_AGGRESSIVE;
				CLANG_WARN_UNREACHABLE_CODE = YES;
				CLANG_WARN__DUPLICATE_METHOD_MATCH = YES;
				COPY_PHASE_STRIP = NO;
				DEBUG_INFORMATION_FORMAT = "dwarf-with-dsym";
				ENABLE_NS_ASSERTIONS = NO;
				ENABLE_STRICT_OBJC_MSGSEND = YES;
				GCC_C_LANGUAGE_STANDARD = gnu11;
				GCC_NO_COMMON_BLOCKS = YES;
				GCC_WARN_64_TO_32_BIT_CONVERSION = YES;
				GCC_WARN_ABOUT_RETURN_TYPE = YES_ERROR;
				GCC_WARN_UNDECLARED_SELECTOR = YES;
				GCC_WARN_UNINITIALIZED_AUTOS = YES_AGGRESSIVE;
				GCC_WARN_UNUSED_FUNCTION = YES;
				GCC_WARN_UNUSED_VARIABLE = YES;
				MTL_ENABLE_DEBUG_INFO = NO;
				MTL_FAST_MATH = YES;
				SWIFT_COMPILATION_MODE = wholemodule;
				SWIFT_OPTIMIZATION_LEVEL = "-O";
			};
			name = Release;
		};
		55E336A9293E8F7700CD2ED7 /* Debug */ = {
			isa = XCBuildConfiguration;
			buildSettings = {
				ASSETCATALOG_COMPILER_APPICON_NAME = AppIcon;
				ASSETCATALOG_COMPILER_GLOBAL_ACCENT_COLOR_NAME = AccentColor;
				CODE_SIGN_ENTITLEMENTS = WalletLibraryDemo/WalletLibraryDemo.entitlements;
				CODE_SIGN_STYLE = Automatic;
				CURRENT_PROJECT_VERSION = 1;
				DEVELOPMENT_ASSET_PATHS = "\"WalletLibraryDemo/Preview Content\"";
				DEVELOPMENT_TEAM = UBF8T346G9;
				ENABLE_HARDENED_RUNTIME = YES;
				ENABLE_PREVIEWS = YES;
				GENERATE_INFOPLIST_FILE = YES;
				"INFOPLIST_KEY_UIApplicationSceneManifest_Generation[sdk=iphoneos*]" = YES;
				"INFOPLIST_KEY_UIApplicationSceneManifest_Generation[sdk=iphonesimulator*]" = YES;
				"INFOPLIST_KEY_UIApplicationSupportsIndirectInputEvents[sdk=iphoneos*]" = YES;
				"INFOPLIST_KEY_UIApplicationSupportsIndirectInputEvents[sdk=iphonesimulator*]" = YES;
				"INFOPLIST_KEY_UILaunchScreen_Generation[sdk=iphoneos*]" = YES;
				"INFOPLIST_KEY_UILaunchScreen_Generation[sdk=iphonesimulator*]" = YES;
				"INFOPLIST_KEY_UIStatusBarStyle[sdk=iphoneos*]" = UIStatusBarStyleDefault;
				"INFOPLIST_KEY_UIStatusBarStyle[sdk=iphonesimulator*]" = UIStatusBarStyleDefault;
				INFOPLIST_KEY_UISupportedInterfaceOrientations_iPad = "UIInterfaceOrientationPortrait UIInterfaceOrientationPortraitUpsideDown UIInterfaceOrientationLandscapeLeft UIInterfaceOrientationLandscapeRight";
				INFOPLIST_KEY_UISupportedInterfaceOrientations_iPhone = "UIInterfaceOrientationPortrait UIInterfaceOrientationLandscapeLeft UIInterfaceOrientationLandscapeRight";
				IPHONEOS_DEPLOYMENT_TARGET = 16.0;
				LD_RUNPATH_SEARCH_PATHS = "@executable_path/Frameworks";
				"LD_RUNPATH_SEARCH_PATHS[sdk=macosx*]" = "@executable_path/../Frameworks";
				MACOSX_DEPLOYMENT_TARGET = 12.3;
				MARKETING_VERSION = 1.0;
				PRODUCT_BUNDLE_IDENTIFIER = com.microsoft.entra.verifiedid.WalletLibraryDemo;
				PRODUCT_NAME = "$(TARGET_NAME)";
				SDKROOT = auto;
				SUPPORTED_PLATFORMS = "iphoneos iphonesimulator macosx";
				SWIFT_EMIT_LOC_STRINGS = YES;
				SWIFT_VERSION = 5.0;
				TARGETED_DEVICE_FAMILY = "1,2";
			};
			name = Debug;
		};
		55E336AA293E8F7700CD2ED7 /* Release */ = {
			isa = XCBuildConfiguration;
			buildSettings = {
				ASSETCATALOG_COMPILER_APPICON_NAME = AppIcon;
				ASSETCATALOG_COMPILER_GLOBAL_ACCENT_COLOR_NAME = AccentColor;
				CODE_SIGN_ENTITLEMENTS = WalletLibraryDemo/WalletLibraryDemo.entitlements;
				CODE_SIGN_STYLE = Automatic;
				CURRENT_PROJECT_VERSION = 1;
				DEVELOPMENT_ASSET_PATHS = "\"WalletLibraryDemo/Preview Content\"";
				DEVELOPMENT_TEAM = UBF8T346G9;
				ENABLE_HARDENED_RUNTIME = YES;
				ENABLE_PREVIEWS = YES;
				GENERATE_INFOPLIST_FILE = YES;
				"INFOPLIST_KEY_UIApplicationSceneManifest_Generation[sdk=iphoneos*]" = YES;
				"INFOPLIST_KEY_UIApplicationSceneManifest_Generation[sdk=iphonesimulator*]" = YES;
				"INFOPLIST_KEY_UIApplicationSupportsIndirectInputEvents[sdk=iphoneos*]" = YES;
				"INFOPLIST_KEY_UIApplicationSupportsIndirectInputEvents[sdk=iphonesimulator*]" = YES;
				"INFOPLIST_KEY_UILaunchScreen_Generation[sdk=iphoneos*]" = YES;
				"INFOPLIST_KEY_UILaunchScreen_Generation[sdk=iphonesimulator*]" = YES;
				"INFOPLIST_KEY_UIStatusBarStyle[sdk=iphoneos*]" = UIStatusBarStyleDefault;
				"INFOPLIST_KEY_UIStatusBarStyle[sdk=iphonesimulator*]" = UIStatusBarStyleDefault;
				INFOPLIST_KEY_UISupportedInterfaceOrientations_iPad = "UIInterfaceOrientationPortrait UIInterfaceOrientationPortraitUpsideDown UIInterfaceOrientationLandscapeLeft UIInterfaceOrientationLandscapeRight";
				INFOPLIST_KEY_UISupportedInterfaceOrientations_iPhone = "UIInterfaceOrientationPortrait UIInterfaceOrientationLandscapeLeft UIInterfaceOrientationLandscapeRight";
				IPHONEOS_DEPLOYMENT_TARGET = 16.0;
				LD_RUNPATH_SEARCH_PATHS = "@executable_path/Frameworks";
				"LD_RUNPATH_SEARCH_PATHS[sdk=macosx*]" = "@executable_path/../Frameworks";
				MACOSX_DEPLOYMENT_TARGET = 12.3;
				MARKETING_VERSION = 1.0;
				PRODUCT_BUNDLE_IDENTIFIER = com.microsoft.entra.verifiedid.WalletLibraryDemo;
				PRODUCT_NAME = "$(TARGET_NAME)";
				SDKROOT = auto;
				SUPPORTED_PLATFORMS = "iphoneos iphonesimulator macosx";
				SWIFT_EMIT_LOC_STRINGS = YES;
				SWIFT_VERSION = 5.0;
				TARGETED_DEVICE_FAMILY = "1,2";
			};
			name = Release;
		};
/* End XCBuildConfiguration section */

/* Begin XCConfigurationList section */
		55E3368F293E8F7500CD2ED7 /* Build configuration list for PBXProject "WalletLibraryDemo" */ = {
			isa = XCConfigurationList;
			buildConfigurations = (
				55E336A6293E8F7700CD2ED7 /* Debug */,
				55E336A7293E8F7700CD2ED7 /* Release */,
			);
			defaultConfigurationIsVisible = 0;
			defaultConfigurationName = Release;
		};
		55E336A8293E8F7700CD2ED7 /* Build configuration list for PBXNativeTarget "WalletLibraryDemo" */ = {
			isa = XCConfigurationList;
			buildConfigurations = (
				55E336A9293E8F7700CD2ED7 /* Debug */,
				55E336AA293E8F7700CD2ED7 /* Release */,
			);
			defaultConfigurationIsVisible = 0;
			defaultConfigurationName = Release;
		};
/* End XCConfigurationList section */

/* Begin XCVersionGroup section */
		55E3369B293E8F7500CD2ED7 /* WalletLibraryDemo.xcdatamodeld */ = {
			isa = XCVersionGroup;
			children = (
				55E3369C293E8F7500CD2ED7 /* WalletLibraryDemo.xcdatamodel */,
			);
			currentVersion = 55E3369C293E8F7500CD2ED7 /* WalletLibraryDemo.xcdatamodel */;
			path = WalletLibraryDemo.xcdatamodeld;
			sourceTree = "<group>";
			versionGroupType = wrapper.xcdatamodel;
		};
/* End XCVersionGroup section */
	};
	rootObject = 55E3368C293E8F7500CD2ED7 /* Project object */;
}
